
Microsoft Visual Studio Solution File, Format Version 12.00
# Visual Studio Version 17
Project("{8BC9CEB8-8B4A-11D0-8D11-00A0C91BC942}") = "ALL_BUILD", "ALL_BUILD.vcxproj", "{E5FCDE0C-745D-350E-950D-AEDC3B535136}"
	ProjectSection(ProjectDependencies) = postProject
		{A74BD9C5-25D7-3664-B7F7-F64C0A7BF004} = {A74BD9C5-25D7-3664-B7F7-F64C0A7BF004}
		{02B38647-0057-346E-A7DC-11118D1D7923} = {02B38647-0057-346E-A7DC-11118D1D7923}
		{10213A38-580C-38EB-A6C7-78F87C60162C} = {10213A38-580C-38EB-A6C7-78F87C60162C}
		{B97983AF-B438-3309-836E-9ADC5D73DE90} = {B97983AF-B438-3309-836E-9ADC5D73DE90}
		{B25B5FD9-5C0E-394C-983A-E23C114B94C0} = {B25B5FD9-5C0E-394C-983A-E23C114B94C0}
		{B00600AF-03D1-36BF-9462-24AB22D0789E} = {B00600AF-03D1-36BF-9462-24AB22D0789E}
		{37300BA1-154A-30C1-B43C-085CC0148F41} = {37300BA1-154A-30C1-B43C-085CC0148F41}
		{FDAB73E7-7BAA-3976-9294-CFC570886CA5} = {FDAB73E7-7BAA-3976-9294-CFC570886CA5}
		{3B7DBAD5-F758-3A2C-AF18-84F0420EA873} = {3B7DBAD5-F758-3A2C-AF18-84F0420EA873}
	EndProjectSection
EndProject
Project("{8BC9CEB8-8B4A-11D0-8D11-00A0C91BC942}") = "INSTALL", "INSTALL.vcxproj", "{04FA4E4C-AB17-3056-9C19-7D0C66BA297D}"
	ProjectSection(ProjectDependencies) = postProject
		{E5FCDE0C-745D-350E-950D-AEDC3B535136} = {E5FCDE0C-745D-350E-950D-AEDC3B535136}
		{A74BD9C5-25D7-3664-B7F7-F64C0A7BF004} = {A74BD9C5-25D7-3664-B7F7-F64C0A7BF004}
	EndProjectSection
EndProject
Project("{8BC9CEB8-8B4A-11D0-8D11-00A0C91BC942}") = "PACKAGE", "PACKAGE.vcxproj", "{5A754A01-F2EA-37EE-95FF-3419B10ADA4B}"
	ProjectSection(ProjectDependencies) = postProject
		{E5FCDE0C-745D-350E-950D-AEDC3B535136} = {E5FCDE0C-745D-350E-950D-AEDC3B535136}
		{A74BD9C5-25D7-3664-B7F7-F64C0A7BF004} = {A74BD9C5-25D7-3664-B7F7-F64C0A7BF004}
	EndProjectSection
EndProject
Project("{8BC9CEB8-8B4A-11D0-8D11-00A0C91BC942}") = "ZERO_CHECK", "..\ZERO_CHECK.vcxproj", "{A74BD9C5-25D7-3664-B7F7-F64C0A7BF004}"
	ProjectSection(ProjectDependencies) = postProject
	EndProjectSection
EndProject
Project("{8BC9CEB8-8B4A-11D0-8D11-00A0C91BC942}") = "minigzip", "..\_deps\opennn_zlib-build\test\minigzip.vcxproj", "{02B38647-0057-346E-A7DC-11118D1D7923}"
	ProjectSection(ProjectDependencies) = postProject
		{A74BD9C5-25D7-3664-B7F7-F64C0A7BF004} = {A74BD9C5-25D7-3664-B7F7-F64C0A7BF004}
		{B00600AF-03D1-36BF-9462-24AB22D0789E} = {B00600AF-03D1-36BF-9462-24AB22D0789E}
	EndProjectSection
EndProject
Project("{8BC9CEB8-8B4A-11D0-8D11-00A0C91BC942}") = "opennn", "opennn.vcxproj", "{10213A38-580C-38EB-A6C7-78F87C60162C}"
	ProjectSection(ProjectDependencies) = postProject
		{A74BD9C5-25D7-3664-B7F7-F64C0A7BF004} = {A74BD9C5-25D7-3664-B7F7-F64C0A7BF004}
		{B97983AF-B438-3309-836E-9ADC5D73DE90} = {B97983AF-B438-3309-836E-9ADC5D73DE90}
		{3B7DBAD5-F758-3A2C-AF18-84F0420EA873} = {3B7DBAD5-F758-3A2C-AF18-84F0420EA873}
	EndProjectSection
EndProject
Project("{8BC9CEB8-8B4A-11D0-8D11-00A0C91BC942}") = "opennn_libjpeg_turbo_ep", "opennn_libjpeg_turbo_ep.vcxproj", "{B97983AF-B438-3309-836E-9ADC5D73DE90}"
	ProjectSection(ProjectDependencies) = postProject
		{A74BD9C5-25D7-3664-B7F7-F64C0A7BF004} = {A74BD9C5-25D7-3664-B7F7-F64C0A7BF004}
	EndProjectSection
EndProject
Project("{8BC9CEB8-8B4A-11D0-8D11-00A0C91BC942}") = "static_minigzip", "..\_deps\opennn_zlib-build\test\static_minigzip.vcxproj", "{B25B5FD9-5C0E-394C-983A-E23C114B94C0}"
	ProjectSection(ProjectDependencies) = postProject
		{A74BD9C5-25D7-3664-B7F7-F64C0A7BF004} = {A74BD9C5-25D7-3664-B7F7-F64C0A7BF004}
		{3B7DBAD5-F758-3A2C-AF18-84F0420EA873} = {3B7DBAD5-F758-3A2C-AF18-84F0420EA873}
	EndProjectSection
EndProject
Project("{8BC9CEB8-8B4A-11D0-8D11-00A0C91BC942}") = "zlib", "..\_deps\opennn_zlib-build\zlib.vcxproj", "{B00600AF-03D1-36BF-9462-24AB22D0789E}"
	ProjectSection(ProjectDependencies) = postProject
		{A74BD9C5-25D7-3664-B7F7-F64C0A7BF004} = {A74BD9C5-25D7-3664-B7F7-F64C0A7BF004}
	EndProjectSection
EndProject
Project("{8BC9CEB8-8B4A-11D0-8D11-00A0C91BC942}") = "zlib_example", "..\_deps\opennn_zlib-build\test\zlib_example.vcxproj", "{37300BA1-154A-30C1-B43C-085CC0148F41}"
	ProjectSection(ProjectDependencies) = postProject
		{A74BD9C5-25D7-3664-B7F7-F64C0A7BF004} = {A74BD9C5-25D7-3664-B7F7-F64C0A7BF004}
		{B00600AF-03D1-36BF-9462-24AB22D0789E} = {B00600AF-03D1-36BF-9462-24AB22D0789E}
	EndProjectSection
EndProject
Project("{8BC9CEB8-8B4A-11D0-8D11-00A0C91BC942}") = "zlib_static_example", "..\_deps\opennn_zlib-build\test\zlib_static_example.vcxproj", "{FDAB73E7-7BAA-3976-9294-CFC570886CA5}"
	ProjectSection(ProjectDependencies) = postProject
		{A74BD9C5-25D7-3664-B7F7-F64C0A7BF004} = {A74BD9C5-25D7-3664-B7F7-F64C0A7BF004}
		{3B7DBAD5-F758-3A2C-AF18-84F0420EA873} = {3B7DBAD5-F758-3A2C-AF18-84F0420EA873}
	EndProjectSection
EndProject
Project("{8BC9CEB8-8B4A-11D0-8D11-00A0C91BC942}") = "zlibstatic", "..\_deps\opennn_zlib-build\zlibstatic.vcxproj", "{3B7DBAD5-F758-3A2C-AF18-84F0420EA873}"
	ProjectSection(ProjectDependencies) = postProject
		{A74BD9C5-25D7-3664-B7F7-F64C0A7BF004} = {A74BD9C5-25D7-3664-B7F7-F64C0A7BF004}
	EndProjectSection
EndProject
Global
	GlobalSection(SolutionConfigurationPlatforms) = preSolution
		Debug|x64 = Debug|x64
		Release|x64 = Release|x64
		MinSizeRel|x64 = MinSizeRel|x64
		RelWithDebInfo|x64 = RelWithDebInfo|x64
	EndGlobalSection
	GlobalSection(ProjectConfigurationPlatforms) = postSolution
		{E5FCDE0C-745D-350E-950D-AEDC3B535136}.Debug|x64.ActiveCfg = Debug|x64
		{E5FCDE0C-745D-350E-950D-AEDC3B535136}.Debug|x64.Build.0 = Debug|x64
		{E5FCDE0C-745D-350E-950D-AEDC3B535136}.Release|x64.ActiveCfg = Release|x64
		{E5FCDE0C-745D-350E-950D-AEDC3B535136}.Release|x64.Build.0 = Release|x64
		{E5FCDE0C-745D-350E-950D-AEDC3B535136}.MinSizeRel|x64.ActiveCfg = MinSizeRel|x64
		{E5FCDE0C-745D-350E-950D-AEDC3B535136}.MinSizeRel|x64.Build.0 = MinSizeRel|x64
		{E5FCDE0C-745D-350E-950D-AEDC3B535136}.RelWithDebInfo|x64.ActiveCfg = RelWithDebInfo|x64
		{E5FCDE0C-745D-350E-950D-AEDC3B535136}.RelWithDebInfo|x64.Build.0 = RelWithDebInfo|x64
		{04FA4E4C-AB17-3056-9C19-7D0C66BA297D}.Debug|x64.ActiveCfg = Debug|x64
		{04FA4E4C-AB17-3056-9C19-7D0C66BA297D}.Release|x64.ActiveCfg = Release|x64
		{04FA4E4C-AB17-3056-9C19-7D0C66BA297D}.MinSizeRel|x64.ActiveCfg = MinSizeRel|x64
		{04FA4E4C-AB17-3056-9C19-7D0C66BA297D}.RelWithDebInfo|x64.ActiveCfg = RelWithDebInfo|x64
		{5A754A01-F2EA-37EE-95FF-3419B10ADA4B}.Debug|x64.ActiveCfg = Debug|x64
		{5A754A01-F2EA-37EE-95FF-3419B10ADA4B}.Release|x64.ActiveCfg = Release|x64
		{5A754A01-F2EA-37EE-95FF-3419B10ADA4B}.MinSizeRel|x64.ActiveCfg = MinSizeRel|x64
		{5A754A01-F2EA-37EE-95FF-3419B10ADA4B}.RelWithDebInfo|x64.ActiveCfg = RelWithDebInfo|x64
		{A74BD9C5-25D7-3664-B7F7-F64C0A7BF004}.Debug|x64.ActiveCfg = Debug|x64
		{A74BD9C5-25D7-3664-B7F7-F64C0A7BF004}.Debug|x64.Build.0 = Debug|x64
		{A74BD9C5-25D7-3664-B7F7-F64C0A7BF004}.Release|x64.ActiveCfg = Release|x64
		{A74BD9C5-25D7-3664-B7F7-F64C0A7BF004}.Release|x64.Build.0 = Release|x64
		{A74BD9C5-25D7-3664-B7F7-F64C0A7BF004}.MinSizeRel|x64.ActiveCfg = MinSizeRel|x64
		{A74BD9C5-25D7-3664-B7F7-F64C0A7BF004}.MinSizeRel|x64.Build.0 = MinSizeRel|x64
		{A74BD9C5-25D7-3664-B7F7-F64C0A7BF004}.RelWithDebInfo|x64.ActiveCfg = RelWithDebInfo|x64
		{A74BD9C5-25D7-3664-B7F7-F64C0A7BF004}.RelWithDebInfo|x64.Build.0 = RelWithDebInfo|x64
		{02B38647-0057-346E-A7DC-11118D1D7923}.Debug|x64.ActiveCfg = Debug|x64
		{02B38647-0057-346E-A7DC-11118D1D7923}.Debug|x64.Build.0 = Debug|x64
		{02B38647-0057-346E-A7DC-11118D1D7923}.Release|x64.ActiveCfg = Release|x64
		{02B38647-0057-346E-A7DC-11118D1D7923}.Release|x64.Build.0 = Release|x64
		{02B38647-0057-346E-A7DC-11118D1D7923}.MinSizeRel|x64.ActiveCfg = MinSizeRel|x64
		{02B38647-0057-346E-A7DC-11118D1D7923}.MinSizeRel|x64.Build.0 = MinSizeRel|x64
		{02B38647-0057-346E-A7DC-11118D1D7923}.RelWithDebInfo|x64.ActiveCfg = RelWithDebInfo|x64
		{02B38647-0057-346E-A7DC-11118D1D7923}.RelWithDebInfo|x64.Build.0 = RelWithDebInfo|x64
		{10213A38-580C-38EB-A6C7-78F87C60162C}.Debug|x64.ActiveCfg = Debug|x64
		{10213A38-580C-38EB-A6C7-78F87C60162C}.Debug|x64.Build.0 = Debug|x64
		{10213A38-580C-38EB-A6C7-78F87C60162C}.Release|x64.ActiveCfg = Release|x64
		{10213A38-580C-38EB-A6C7-78F87C60162C}.Release|x64.Build.0 = Release|x64
		{10213A38-580C-38EB-A6C7-78F87C60162C}.MinSizeRel|x64.ActiveCfg = MinSizeRel|x64
		{10213A38-580C-38EB-A6C7-78F87C60162C}.MinSizeRel|x64.Build.0 = MinSizeRel|x64
		{10213A38-580C-38EB-A6C7-78F87C60162C}.RelWithDebInfo|x64.ActiveCfg = RelWithDebInfo|x64
		{10213A38-580C-38EB-A6C7-78F87C60162C}.RelWithDebInfo|x64.Build.0 = RelWithDebInfo|x64
		{B97983AF-B438-3309-836E-9ADC5D73DE90}.Debug|x64.ActiveCfg = Debug|x64
		{B97983AF-B438-3309-836E-9ADC5D73DE90}.Debug|x64.Build.0 = Debug|x64
		{B97983AF-B438-3309-836E-9ADC5D73DE90}.Release|x64.ActiveCfg = Release|x64
		{B97983AF-B438-3309-836E-9ADC5D73DE90}.Release|x64.Build.0 = Release|x64
		{B97983AF-B438-3309-836E-9ADC5D73DE90}.MinSizeRel|x64.ActiveCfg = MinSizeRel|x64
		{B97983AF-B438-3309-836E-9ADC5D73DE90}.MinSizeRel|x64.Build.0 = MinSizeRel|x64
		{B97983AF-B438-3309-836E-9ADC5D73DE90}.RelWithDebInfo|x64.ActiveCfg = RelWithDebInfo|x64
		{B97983AF-B438-3309-836E-9ADC5D73DE90}.RelWithDebInfo|x64.Build.0 = RelWithDebInfo|x64
		{B25B5FD9-5C0E-394C-983A-E23C114B94C0}.Debug|x64.ActiveCfg = Debug|x64
		{B25B5FD9-5C0E-394C-983A-E23C114B94C0}.Debug|x64.Build.0 = Debug|x64
		{B25B5FD9-5C0E-394C-983A-E23C114B94C0}.Release|x64.ActiveCfg = Release|x64
		{B25B5FD9-5C0E-394C-983A-E23C114B94C0}.Release|x64.Build.0 = Release|x64
		{B25B5FD9-5C0E-394C-983A-E23C114B94C0}.MinSizeRel|x64.ActiveCfg = MinSizeRel|x64
		{B25B5FD9-5C0E-394C-983A-E23C114B94C0}.MinSizeRel|x64.Build.0 = MinSizeRel|x64
		{B25B5FD9-5C0E-394C-983A-E23C114B94C0}.RelWithDebInfo|x64.ActiveCfg = RelWithDebInfo|x64
		{B25B5FD9-5C0E-394C-983A-E23C114B94C0}.RelWithDebInfo|x64.Build.0 = RelWithDebInfo|x64
		{B00600AF-03D1-36BF-9462-24AB22D0789E}.Debug|x64.ActiveCfg = Debug|x64
		{B00600AF-03D1-36BF-9462-24AB22D0789E}.Debug|x64.Build.0 = Debug|x64
		{B00600AF-03D1-36BF-9462-24AB22D0789E}.Release|x64.ActiveCfg = Release|x64
		{B00600AF-03D1-36BF-9462-24AB22D0789E}.Release|x64.Build.0 = Release|x64
		{B00600AF-03D1-36BF-9462-24AB22D0789E}.MinSizeRel|x64.ActiveCfg = MinSizeRel|x64
		{B00600AF-03D1-36BF-9462-24AB22D0789E}.MinSizeRel|x64.Build.0 = MinSizeRel|x64
		{B00600AF-03D1-36BF-9462-24AB22D0789E}.RelWithDebInfo|x64.ActiveCfg = RelWithDebInfo|x64
		{B00600AF-03D1-36BF-9462-24AB22D0789E}.RelWithDebInfo|x64.Build.0 = RelWithDebInfo|x64
		{37300BA1-154A-30C1-B43C-085CC0148F41}.Debug|x64.ActiveCfg = Debug|x64
		{37300BA1-154A-30C1-B43C-085CC0148F41}.Debug|x64.Build.0 = Debug|x64
		{37300BA1-154A-30C1-B43C-085CC0148F41}.Release|x64.ActiveCfg = Release|x64
		{37300BA1-154A-30C1-B43C-085CC0148F41}.Release|x64.Build.0 = Release|x64
		{37300BA1-154A-30C1-B43C-085CC0148F41}.MinSizeRel|x64.ActiveCfg = MinSizeRel|x64
		{37300BA1-154A-30C1-B43C-085CC0148F41}.MinSizeRel|x64.Build.0 = MinSizeRel|x64
		{37300BA1-154A-30C1-B43C-085CC0148F41}.RelWithDebInfo|x64.ActiveCfg = RelWithDebInfo|x64
		{37300BA1-154A-30C1-B43C-085CC0148F41}.RelWithDebInfo|x64.Build.0 = RelWithDebInfo|x64
		{FDAB73E7-7BAA-3976-9294-CFC570886CA5}.Debug|x64.ActiveCfg = Debug|x64
		{FDAB73E7-7BAA-3976-9294-CFC570886CA5}.Debug|x64.Build.0 = Debug|x64
		{FDAB73E7-7BAA-3976-9294-CFC570886CA5}.Release|x64.ActiveCfg = Release|x64
		{FDAB73E7-7BAA-3976-9294-CFC570886CA5}.Release|x64.Build.0 = Release|x64
		{FDAB73E7-7BAA-3976-9294-CFC570886CA5}.MinSizeRel|x64.ActiveCfg = MinSizeRel|x64
		{FDAB73E7-7BAA-3976-9294-CFC570886CA5}.MinSizeRel|x64.Build.0 = MinSizeRel|x64
		{FDAB73E7-7BAA-3976-9294-CFC570886CA5}.RelWithDebInfo|x64.ActiveCfg = RelWithDebInfo|x64
		{FDAB73E7-7BAA-3976-9294-CFC570886CA5}.RelWithDebInfo|x64.Build.0 = RelWithDebInfo|x64
		{3B7DBAD5-F758-3A2C-AF18-84F0420EA873}.Debug|x64.ActiveCfg = Debug|x64
		{3B7DBAD5-F758-3A2C-AF18-84F0420EA873}.Debug|x64.Build.0 = Debug|x64
		{3B7DBAD5-F758-3A2C-AF18-84F0420EA873}.Release|x64.ActiveCfg = Release|x64
		{3B7DBAD5-F758-3A2C-AF18-84F0420EA873}.Release|x64.Build.0 = Release|x64
		{3B7DBAD5-F758-3A2C-AF18-84F0420EA873}.MinSizeRel|x64.ActiveCfg = MinSizeRel|x64
		{3B7DBAD5-F758-3A2C-AF18-84F0420EA873}.MinSizeRel|x64.Build.0 = MinSizeRel|x64
		{3B7DBAD5-F758-3A2C-AF18-84F0420EA873}.RelWithDebInfo|x64.ActiveCfg = RelWithDebInfo|x64
		{3B7DBAD5-F758-3A2C-AF18-84F0420EA873}.RelWithDebInfo|x64.Build.0 = RelWithDebInfo|x64
	EndGlobalSection
	GlobalSection(ExtensibilityGlobals) = postSolution
		SolutionGuid = {8641815B-5534-31B4-9361-BADACD041763}
	EndGlobalSection
	GlobalSection(ExtensibilityAddIns) = postSolution
	EndGlobalSection
EndGlobal
