
Microsoft Visual Studio Solution File, Format Version 12.00
# Visual Studio Version 17
VisualStudioVersion = 17.8.34511.84
MinimumVisualStudioVersion = 10.0.40219.1
Project("{8BC9CEB8-8B4A-11D0-8D11-00A0C91BC942}") = "airfoil_self_noise", "examples\airfoil_self_noise\airfoil_self_noise.vcxproj", "{275D16D6-06F0-3730-9626-8E50ECB9CC9C}"
	ProjectSection(ProjectDependencies) = postProject
		{D2F8B8A4-FD55-3AA3-B597-C6BCD3D1344B} = {D2F8B8A4-FD55-3AA3-B597-C6BCD3D1344B}
	EndProjectSection
EndProject
Project("{8BC9CEB8-8B4A-11D0-8D11-00A0C91BC942}") = "blank", "blank\blank.vcxproj", "{3B6A1156-5E24-3254-9B10-16207A793DE6}"
	ProjectSection(ProjectDependencies) = postProject
		{D2F8B8A4-FD55-3AA3-B597-C6BCD3D1344B} = {D2F8B8A4-FD55-3AA3-B597-C6BCD3D1344B}
	EndProjectSection
EndProject
Project("{8BC9CEB8-8B4A-11D0-8D11-00A0C91BC942}") = "breast_cancer", "examples\breast_cancer\breast_cancer.vcxproj", "{6B2A1490-159B-3D32-9B53-25F80A27FEF1}"
	ProjectSection(ProjectDependencies) = postProject
		{D2F8B8A4-FD55-3AA3-B597-C6BCD3D1344B} = {D2F8B8A4-FD55-3AA3-B597-C6BCD3D1344B}
	EndProjectSection
EndProject
Project("{8BC9CEB8-8B4A-11D0-8D11-00A0C91BC942}") = "iris_plant", "examples\iris_plant\iris_plant.vcxproj", "{9A381855-FB44-3509-AF1A-30FC34204453}"
	ProjectSection(ProjectDependencies) = postProject
		{D2F8B8A4-FD55-3AA3-B597-C6BCD3D1344B} = {D2F8B8A4-FD55-3AA3-B597-C6BCD3D1344B}
	EndProjectSection
EndProject
Project("{8BC9CEB8-8B4A-11D0-8D11-00A0C91BC942}") = "mnist", "examples\mnist\mnist.vcxproj", "{1EA0C516-72D2-37C7-A76D-1F83A4875452}"
	ProjectSection(ProjectDependencies) = postProject
		{D2F8B8A4-FD55-3AA3-B597-C6BCD3D1344B} = {D2F8B8A4-FD55-3AA3-B597-C6BCD3D1344B}
	EndProjectSection
EndProject
Project("{8BC9CEB8-8B4A-11D0-8D11-00A0C91BC942}") = "opennn", "opennn\opennn.vcxproj", "{D2F8B8A4-FD55-3AA3-B597-C6BCD3D1344B}"
EndProject
Project("{8BC9CEB8-8B4A-11D0-8D11-00A0C91BC942}") = "rosenbrock", "examples\rosenbrock\rosenbrock.vcxproj", "{375B8E13-5E22-3A11-939F-20F581A61B85}"
	ProjectSection(ProjectDependencies) = postProject
		{D2F8B8A4-FD55-3AA3-B597-C6BCD3D1344B} = {D2F8B8A4-FD55-3AA3-B597-C6BCD3D1344B}
	EndProjectSection
EndProject
Project("{8BC9CEB8-8B4A-11D0-8D11-00A0C91BC942}") = "tests", "tests\tests.vcxproj", "{3E0ED611-D9C0-3B7B-AEDD-A7EF21D1B752}"
	ProjectSection(ProjectDependencies) = postProject
		{D2F8B8A4-FD55-3AA3-B597-C6BCD3D1344B} = {D2F8B8A4-FD55-3AA3-B597-C6BCD3D1344B}
	EndProjectSection
EndProject
Project("{8BC9CEB8-8B4A-11D0-8D11-00A0C91BC942}") = "amazon_reviews", "examples\amazon_reviews\amazon_reviews.vcxproj", "{FEA70256-C0B4-3AA1-9CDE-88120A5C9930}"
EndProject
Global
	GlobalSection(SolutionConfigurationPlatforms) = preSolution
		Debug|x64 = Debug|x64
		MinSizeRel|x64 = MinSizeRel|x64
		Release|x64 = Release|x64
		RelWithDebInfo|x64 = RelWithDebInfo|x64
	EndGlobalSection
	GlobalSection(ProjectConfigurationPlatforms) = postSolution
		{275D16D6-06F0-3730-9626-8E50ECB9CC9C}.Debug|x64.ActiveCfg = Debug|x64
		{275D16D6-06F0-3730-9626-8E50ECB9CC9C}.Debug|x64.Build.0 = Debug|x64
		{275D16D6-06F0-3730-9626-8E50ECB9CC9C}.MinSizeRel|x64.ActiveCfg = MinSizeRel|x64
		{275D16D6-06F0-3730-9626-8E50ECB9CC9C}.MinSizeRel|x64.Build.0 = MinSizeRel|x64
		{275D16D6-06F0-3730-9626-8E50ECB9CC9C}.Release|x64.ActiveCfg = Release|x64
		{275D16D6-06F0-3730-9626-8E50ECB9CC9C}.Release|x64.Build.0 = Release|x64
		{275D16D6-06F0-3730-9626-8E50ECB9CC9C}.RelWithDebInfo|x64.ActiveCfg = RelWithDebInfo|x64
		{275D16D6-06F0-3730-9626-8E50ECB9CC9C}.RelWithDebInfo|x64.Build.0 = RelWithDebInfo|x64
		{3B6A1156-5E24-3254-9B10-16207A793DE6}.Debug|x64.ActiveCfg = Debug|x64
		{3B6A1156-5E24-3254-9B10-16207A793DE6}.Debug|x64.Build.0 = Debug|x64
		{3B6A1156-5E24-3254-9B10-16207A793DE6}.MinSizeRel|x64.ActiveCfg = MinSizeRel|x64
		{3B6A1156-5E24-3254-9B10-16207A793DE6}.MinSizeRel|x64.Build.0 = MinSizeRel|x64
		{3B6A1156-5E24-3254-9B10-16207A793DE6}.Release|x64.ActiveCfg = Release|x64
		{3B6A1156-5E24-3254-9B10-16207A793DE6}.Release|x64.Build.0 = Release|x64
		{3B6A1156-5E24-3254-9B10-16207A793DE6}.RelWithDebInfo|x64.ActiveCfg = RelWithDebInfo|x64
		{3B6A1156-5E24-3254-9B10-16207A793DE6}.RelWithDebInfo|x64.Build.0 = RelWithDebInfo|x64
		{6B2A1490-159B-3D32-9B53-25F80A27FEF1}.Debug|x64.ActiveCfg = Debug|x64
		{6B2A1490-159B-3D32-9B53-25F80A27FEF1}.Debug|x64.Build.0 = Debug|x64
		{6B2A1490-159B-3D32-9B53-25F80A27FEF1}.MinSizeRel|x64.ActiveCfg = MinSizeRel|x64
		{6B2A1490-159B-3D32-9B53-25F80A27FEF1}.MinSizeRel|x64.Build.0 = MinSizeRel|x64
		{6B2A1490-159B-3D32-9B53-25F80A27FEF1}.Release|x64.ActiveCfg = Release|x64
		{6B2A1490-159B-3D32-9B53-25F80A27FEF1}.Release|x64.Build.0 = Release|x64
		{6B2A1490-159B-3D32-9B53-25F80A27FEF1}.RelWithDebInfo|x64.ActiveCfg = RelWithDebInfo|x64
		{6B2A1490-159B-3D32-9B53-25F80A27FEF1}.RelWithDebInfo|x64.Build.0 = RelWithDebInfo|x64
		{9A381855-FB44-3509-AF1A-30FC34204453}.Debug|x64.ActiveCfg = Debug|x64
		{9A381855-FB44-3509-AF1A-30FC34204453}.Debug|x64.Build.0 = Debug|x64
		{9A381855-FB44-3509-AF1A-30FC34204453}.MinSizeRel|x64.ActiveCfg = MinSizeRel|x64
		{9A381855-FB44-3509-AF1A-30FC34204453}.MinSizeRel|x64.Build.0 = MinSizeRel|x64
		{9A381855-FB44-3509-AF1A-30FC34204453}.Release|x64.ActiveCfg = Release|x64
		{9A381855-FB44-3509-AF1A-30FC34204453}.Release|x64.Build.0 = Release|x64
		{9A381855-FB44-3509-AF1A-30FC34204453}.RelWithDebInfo|x64.ActiveCfg = RelWithDebInfo|x64
		{9A381855-FB44-3509-AF1A-30FC34204453}.RelWithDebInfo|x64.Build.0 = RelWithDebInfo|x64
		{1EA0C516-72D2-37C7-A76D-1F83A4875452}.Debug|x64.ActiveCfg = Debug|x64
		{1EA0C516-72D2-37C7-A76D-1F83A4875452}.Debug|x64.Build.0 = Debug|x64
		{1EA0C516-72D2-37C7-A76D-1F83A4875452}.MinSizeRel|x64.ActiveCfg = MinSizeRel|x64
		{1EA0C516-72D2-37C7-A76D-1F83A4875452}.MinSizeRel|x64.Build.0 = MinSizeRel|x64
		{1EA0C516-72D2-37C7-A76D-1F83A4875452}.Release|x64.ActiveCfg = Release|x64
		{1EA0C516-72D2-37C7-A76D-1F83A4875452}.Release|x64.Build.0 = Release|x64
		{1EA0C516-72D2-37C7-A76D-1F83A4875452}.RelWithDebInfo|x64.ActiveCfg = RelWithDebInfo|x64
		{1EA0C516-72D2-37C7-A76D-1F83A4875452}.RelWithDebInfo|x64.Build.0 = RelWithDebInfo|x64
		{D2F8B8A4-FD55-3AA3-B597-C6BCD3D1344B}.Debug|x64.ActiveCfg = Debug|x64
		{D2F8B8A4-FD55-3AA3-B597-C6BCD3D1344B}.Debug|x64.Build.0 = Debug|x64
		{D2F8B8A4-FD55-3AA3-B597-C6BCD3D1344B}.MinSizeRel|x64.ActiveCfg = MinSizeRel|x64
		{D2F8B8A4-FD55-3AA3-B597-C6BCD3D1344B}.MinSizeRel|x64.Build.0 = MinSizeRel|x64
		{D2F8B8A4-FD55-3AA3-B597-C6BCD3D1344B}.Release|x64.ActiveCfg = Release|x64
		{D2F8B8A4-FD55-3AA3-B597-C6BCD3D1344B}.Release|x64.Build.0 = Release|x64
		{D2F8B8A4-FD55-3AA3-B597-C6BCD3D1344B}.RelWithDebInfo|x64.ActiveCfg = RelWithDebInfo|x64
		{D2F8B8A4-FD55-3AA3-B597-C6BCD3D1344B}.RelWithDebInfo|x64.Build.0 = RelWithDebInfo|x64
		{375B8E13-5E22-3A11-939F-20F581A61B85}.Debug|x64.ActiveCfg = Debug|x64
		{375B8E13-5E22-3A11-939F-20F581A61B85}.Debug|x64.Build.0 = Debug|x64
		{375B8E13-5E22-3A11-939F-20F581A61B85}.MinSizeRel|x64.ActiveCfg = MinSizeRel|x64
		{375B8E13-5E22-3A11-939F-20F581A61B85}.MinSizeRel|x64.Build.0 = MinSizeRel|x64
		{375B8E13-5E22-3A11-939F-20F581A61B85}.Release|x64.ActiveCfg = Release|x64
		{375B8E13-5E22-3A11-939F-20F581A61B85}.Release|x64.Build.0 = Release|x64
		{375B8E13-5E22-3A11-939F-20F581A61B85}.RelWithDebInfo|x64.ActiveCfg = RelWithDebInfo|x64
		{375B8E13-5E22-3A11-939F-20F581A61B85}.RelWithDebInfo|x64.Build.0 = RelWithDebInfo|x64
		{3E0ED611-D9C0-3B7B-AEDD-A7EF21D1B752}.Debug|x64.ActiveCfg = Debug|x64
		{3E0ED611-D9C0-3B7B-AEDD-A7EF21D1B752}.Debug|x64.Build.0 = Debug|x64
		{3E0ED611-D9C0-3B7B-AEDD-A7EF21D1B752}.MinSizeRel|x64.ActiveCfg = MinSizeRel|x64
		{3E0ED611-D9C0-3B7B-AEDD-A7EF21D1B752}.MinSizeRel|x64.Build.0 = MinSizeRel|x64
		{3E0ED611-D9C0-3B7B-AEDD-A7EF21D1B752}.Release|x64.ActiveCfg = Release|x64
		{3E0ED611-D9C0-3B7B-AEDD-A7EF21D1B752}.Release|x64.Build.0 = Release|x64
		{3E0ED611-D9C0-3B7B-AEDD-A7EF21D1B752}.RelWithDebInfo|x64.ActiveCfg = RelWithDebInfo|x64
		{3E0ED611-D9C0-3B7B-AEDD-A7EF21D1B752}.RelWithDebInfo|x64.Build.0 = RelWithDebInfo|x64
		{FEA70256-C0B4-3AA1-9CDE-88120A5C9930}.Debug|x64.ActiveCfg = Debug|x64
		{FEA70256-C0B4-3AA1-9CDE-88120A5C9930}.Debug|x64.Build.0 = Debug|x64
		{FEA70256-C0B4-3AA1-9CDE-88120A5C9930}.MinSizeRel|x64.ActiveCfg = Debug|x64
		{FEA70256-C0B4-3AA1-9CDE-88120A5C9930}.MinSizeRel|x64.Build.0 = Debug|x64
		{FEA70256-C0B4-3AA1-9CDE-88120A5C9930}.Release|x64.ActiveCfg = Release|x64
		{FEA70256-C0B4-3AA1-9CDE-88120A5C9930}.Release|x64.Build.0 = Release|x64
		{FEA70256-C0B4-3AA1-9CDE-88120A5C9930}.RelWithDebInfo|x64.ActiveCfg = Release|x64
		{FEA70256-C0B4-3AA1-9CDE-88120A5C9930}.RelWithDebInfo|x64.Build.0 = Release|x64
	EndGlobalSection
	GlobalSection(SolutionProperties) = preSolution
		HideSolutionNode = FALSE
	EndGlobalSection
	GlobalSection(ExtensibilityGlobals) = postSolution
		SolutionGuid = {3875CCA0-DD4D-3E3D-A89F-C62C301385A5}
	EndGlobalSection
EndGlobal
