
Microsoft Visual Studio Solution File, Format Version 12.00
# Visual Studio Version 17
Project("{8BC9CEB8-8B4A-11D0-8D11-00A0C91BC942}") = "ALL_BUILD", "ALL_BUILD.vcxproj", "{2F4DD37A-3C78-399D-862B-579F51ED8205}"
	ProjectSection(ProjectDependencies) = postProject
		{8FDB8C35-8E68-31C1-882D-C493A7D5C222} = {8FDB8C35-8E68-31C1-882D-C493A7D5C222}
		{C9AD58A6-1E77-3E2F-BF83-4A0EB1B1CD3E} = {C9AD58A6-1E77-3E2F-BF83-4A0EB1B1CD3E}
		{985785C2-F2E4-353C-8D34-867171D08945} = {985785C2-F2E4-353C-8D34-867171D08945}
		{0A138E43-0899-3892-94D3-6F8A80AECC10} = {0A138E43-0899-3892-94D3-6F8A80AECC10}
		{55378666-BB7B-3C7B-968B-E05B743A918B} = {55378666-BB7B-3C7B-968B-E05B743A918B}
		{4502D489-8BFE-33E4-8A6F-BCF5A19C4487} = {4502D489-8BFE-33E4-8A6F-BCF5A19C4487}
		{1F13D238-0AA0-31B7-AB64-750CB5A68E3D} = {1F13D238-0AA0-31B7-AB64-750CB5A68E3D}
		{2E152861-982C-3BBE-97CC-302BB41FD34D} = {2E152861-982C-3BBE-97CC-302BB41FD34D}
		{42BA288E-20BB-333A-86F6-F461529D40A3} = {42BA288E-20BB-333A-86F6-F461529D40A3}
	EndProjectSection
EndProject
Project("{8BC9CEB8-8B4A-11D0-8D11-00A0C91BC942}") = "INSTALL", "INSTALL.vcxproj", "{A9174105-361F-328B-B7DE-22EF6ABCA7AF}"
	ProjectSection(ProjectDependencies) = postProject
		{2F4DD37A-3C78-399D-862B-579F51ED8205} = {2F4DD37A-3C78-399D-862B-579F51ED8205}
		{8FDB8C35-8E68-31C1-882D-C493A7D5C222} = {8FDB8C35-8E68-31C1-882D-C493A7D5C222}
	EndProjectSection
EndProject
Project("{8BC9CEB8-8B4A-11D0-8D11-00A0C91BC942}") = "PACKAGE", "PACKAGE.vcxproj", "{41D27D1E-A59B-3EA2-B6EB-3772C3A3A832}"
	ProjectSection(ProjectDependencies) = postProject
		{2F4DD37A-3C78-399D-862B-579F51ED8205} = {2F4DD37A-3C78-399D-862B-579F51ED8205}
		{8FDB8C35-8E68-31C1-882D-C493A7D5C222} = {8FDB8C35-8E68-31C1-882D-C493A7D5C222}
	EndProjectSection
EndProject
Project("{8BC9CEB8-8B4A-11D0-8D11-00A0C91BC942}") = "ZERO_CHECK", "..\ZERO_CHECK.vcxproj", "{8FDB8C35-8E68-31C1-882D-C493A7D5C222}"
	ProjectSection(ProjectDependencies) = postProject
	EndProjectSection
EndProject
Project("{8BC9CEB8-8B4A-11D0-8D11-00A0C91BC942}") = "minigzip", "..\_deps\opennn_zlib-build\test\minigzip.vcxproj", "{C9AD58A6-1E77-3E2F-BF83-4A0EB1B1CD3E}"
	ProjectSection(ProjectDependencies) = postProject
		{8FDB8C35-8E68-31C1-882D-C493A7D5C222} = {8FDB8C35-8E68-31C1-882D-C493A7D5C222}
		{4502D489-8BFE-33E4-8A6F-BCF5A19C4487} = {4502D489-8BFE-33E4-8A6F-BCF5A19C4487}
	EndProjectSection
EndProject
Project("{8BC9CEB8-8B4A-11D0-8D11-00A0C91BC942}") = "opennn", "opennn.vcxproj", "{985785C2-F2E4-353C-8D34-867171D08945}"
	ProjectSection(ProjectDependencies) = postProject
		{8FDB8C35-8E68-31C1-882D-C493A7D5C222} = {8FDB8C35-8E68-31C1-882D-C493A7D5C222}
		{0A138E43-0899-3892-94D3-6F8A80AECC10} = {0A138E43-0899-3892-94D3-6F8A80AECC10}
		{42BA288E-20BB-333A-86F6-F461529D40A3} = {42BA288E-20BB-333A-86F6-F461529D40A3}
	EndProjectSection
EndProject
Project("{8BC9CEB8-8B4A-11D0-8D11-00A0C91BC942}") = "opennn_libjpeg_turbo_ep", "opennn_libjpeg_turbo_ep.vcxproj", "{0A138E43-0899-3892-94D3-6F8A80AECC10}"
	ProjectSection(ProjectDependencies) = postProject
		{8FDB8C35-8E68-31C1-882D-C493A7D5C222} = {8FDB8C35-8E68-31C1-882D-C493A7D5C222}
	EndProjectSection
EndProject
Project("{8BC9CEB8-8B4A-11D0-8D11-00A0C91BC942}") = "static_minigzip", "..\_deps\opennn_zlib-build\test\static_minigzip.vcxproj", "{55378666-BB7B-3C7B-968B-E05B743A918B}"
	ProjectSection(ProjectDependencies) = postProject
		{8FDB8C35-8E68-31C1-882D-C493A7D5C222} = {8FDB8C35-8E68-31C1-882D-C493A7D5C222}
		{42BA288E-20BB-333A-86F6-F461529D40A3} = {42BA288E-20BB-333A-86F6-F461529D40A3}
	EndProjectSection
EndProject
Project("{8BC9CEB8-8B4A-11D0-8D11-00A0C91BC942}") = "zlib", "..\_deps\opennn_zlib-build\zlib.vcxproj", "{4502D489-8BFE-33E4-8A6F-BCF5A19C4487}"
	ProjectSection(ProjectDependencies) = postProject
		{8FDB8C35-8E68-31C1-882D-C493A7D5C222} = {8FDB8C35-8E68-31C1-882D-C493A7D5C222}
	EndProjectSection
EndProject
Project("{8BC9CEB8-8B4A-11D0-8D11-00A0C91BC942}") = "zlib_example", "..\_deps\opennn_zlib-build\test\zlib_example.vcxproj", "{1F13D238-0AA0-31B7-AB64-750CB5A68E3D}"
	ProjectSection(ProjectDependencies) = postProject
		{8FDB8C35-8E68-31C1-882D-C493A7D5C222} = {8FDB8C35-8E68-31C1-882D-C493A7D5C222}
		{4502D489-8BFE-33E4-8A6F-BCF5A19C4487} = {4502D489-8BFE-33E4-8A6F-BCF5A19C4487}
	EndProjectSection
EndProject
Project("{8BC9CEB8-8B4A-11D0-8D11-00A0C91BC942}") = "zlib_static_example", "..\_deps\opennn_zlib-build\test\zlib_static_example.vcxproj", "{2E152861-982C-3BBE-97CC-302BB41FD34D}"
	ProjectSection(ProjectDependencies) = postProject
		{8FDB8C35-8E68-31C1-882D-C493A7D5C222} = {8FDB8C35-8E68-31C1-882D-C493A7D5C222}
		{42BA288E-20BB-333A-86F6-F461529D40A3} = {42BA288E-20BB-333A-86F6-F461529D40A3}
	EndProjectSection
EndProject
Project("{8BC9CEB8-8B4A-11D0-8D11-00A0C91BC942}") = "zlibstatic", "..\_deps\opennn_zlib-build\zlibstatic.vcxproj", "{42BA288E-20BB-333A-86F6-F461529D40A3}"
	ProjectSection(ProjectDependencies) = postProject
		{8FDB8C35-8E68-31C1-882D-C493A7D5C222} = {8FDB8C35-8E68-31C1-882D-C493A7D5C222}
	EndProjectSection
EndProject
Global
	GlobalSection(SolutionConfigurationPlatforms) = preSolution
		Debug|x64 = Debug|x64
		Release|x64 = Release|x64
		MinSizeRel|x64 = MinSizeRel|x64
		RelWithDebInfo|x64 = RelWithDebInfo|x64
	EndGlobalSection
	GlobalSection(ProjectConfigurationPlatforms) = postSolution
		{2F4DD37A-3C78-399D-862B-579F51ED8205}.Debug|x64.ActiveCfg = Debug|x64
		{2F4DD37A-3C78-399D-862B-579F51ED8205}.Debug|x64.Build.0 = Debug|x64
		{2F4DD37A-3C78-399D-862B-579F51ED8205}.Release|x64.ActiveCfg = Release|x64
		{2F4DD37A-3C78-399D-862B-579F51ED8205}.Release|x64.Build.0 = Release|x64
		{2F4DD37A-3C78-399D-862B-579F51ED8205}.MinSizeRel|x64.ActiveCfg = MinSizeRel|x64
		{2F4DD37A-3C78-399D-862B-579F51ED8205}.MinSizeRel|x64.Build.0 = MinSizeRel|x64
		{2F4DD37A-3C78-399D-862B-579F51ED8205}.RelWithDebInfo|x64.ActiveCfg = RelWithDebInfo|x64
		{2F4DD37A-3C78-399D-862B-579F51ED8205}.RelWithDebInfo|x64.Build.0 = RelWithDebInfo|x64
		{A9174105-361F-328B-B7DE-22EF6ABCA7AF}.Debug|x64.ActiveCfg = Debug|x64
		{A9174105-361F-328B-B7DE-22EF6ABCA7AF}.Release|x64.ActiveCfg = Release|x64
		{A9174105-361F-328B-B7DE-22EF6ABCA7AF}.MinSizeRel|x64.ActiveCfg = MinSizeRel|x64
		{A9174105-361F-328B-B7DE-22EF6ABCA7AF}.RelWithDebInfo|x64.ActiveCfg = RelWithDebInfo|x64
		{41D27D1E-A59B-3EA2-B6EB-3772C3A3A832}.Debug|x64.ActiveCfg = Debug|x64
		{41D27D1E-A59B-3EA2-B6EB-3772C3A3A832}.Release|x64.ActiveCfg = Release|x64
		{41D27D1E-A59B-3EA2-B6EB-3772C3A3A832}.MinSizeRel|x64.ActiveCfg = MinSizeRel|x64
		{41D27D1E-A59B-3EA2-B6EB-3772C3A3A832}.RelWithDebInfo|x64.ActiveCfg = RelWithDebInfo|x64
		{8FDB8C35-8E68-31C1-882D-C493A7D5C222}.Debug|x64.ActiveCfg = Debug|x64
		{8FDB8C35-8E68-31C1-882D-C493A7D5C222}.Debug|x64.Build.0 = Debug|x64
		{8FDB8C35-8E68-31C1-882D-C493A7D5C222}.Release|x64.ActiveCfg = Release|x64
		{8FDB8C35-8E68-31C1-882D-C493A7D5C222}.Release|x64.Build.0 = Release|x64
		{8FDB8C35-8E68-31C1-882D-C493A7D5C222}.MinSizeRel|x64.ActiveCfg = MinSizeRel|x64
		{8FDB8C35-8E68-31C1-882D-C493A7D5C222}.MinSizeRel|x64.Build.0 = MinSizeRel|x64
		{8FDB8C35-8E68-31C1-882D-C493A7D5C222}.RelWithDebInfo|x64.ActiveCfg = RelWithDebInfo|x64
		{8FDB8C35-8E68-31C1-882D-C493A7D5C222}.RelWithDebInfo|x64.Build.0 = RelWithDebInfo|x64
		{C9AD58A6-1E77-3E2F-BF83-4A0EB1B1CD3E}.Debug|x64.ActiveCfg = Debug|x64
		{C9AD58A6-1E77-3E2F-BF83-4A0EB1B1CD3E}.Debug|x64.Build.0 = Debug|x64
		{C9AD58A6-1E77-3E2F-BF83-4A0EB1B1CD3E}.Release|x64.ActiveCfg = Release|x64
		{C9AD58A6-1E77-3E2F-BF83-4A0EB1B1CD3E}.Release|x64.Build.0 = Release|x64
		{C9AD58A6-1E77-3E2F-BF83-4A0EB1B1CD3E}.MinSizeRel|x64.ActiveCfg = MinSizeRel|x64
		{C9AD58A6-1E77-3E2F-BF83-4A0EB1B1CD3E}.MinSizeRel|x64.Build.0 = MinSizeRel|x64
		{C9AD58A6-1E77-3E2F-BF83-4A0EB1B1CD3E}.RelWithDebInfo|x64.ActiveCfg = RelWithDebInfo|x64
		{C9AD58A6-1E77-3E2F-BF83-4A0EB1B1CD3E}.RelWithDebInfo|x64.Build.0 = RelWithDebInfo|x64
		{985785C2-F2E4-353C-8D34-867171D08945}.Debug|x64.ActiveCfg = Debug|x64
		{985785C2-F2E4-353C-8D34-867171D08945}.Debug|x64.Build.0 = Debug|x64
		{985785C2-F2E4-353C-8D34-867171D08945}.Release|x64.ActiveCfg = Release|x64
		{985785C2-F2E4-353C-8D34-867171D08945}.Release|x64.Build.0 = Release|x64
		{985785C2-F2E4-353C-8D34-867171D08945}.MinSizeRel|x64.ActiveCfg = MinSizeRel|x64
		{985785C2-F2E4-353C-8D34-867171D08945}.MinSizeRel|x64.Build.0 = MinSizeRel|x64
		{985785C2-F2E4-353C-8D34-867171D08945}.RelWithDebInfo|x64.ActiveCfg = RelWithDebInfo|x64
		{985785C2-F2E4-353C-8D34-867171D08945}.RelWithDebInfo|x64.Build.0 = RelWithDebInfo|x64
		{0A138E43-0899-3892-94D3-6F8A80AECC10}.Debug|x64.ActiveCfg = Debug|x64
		{0A138E43-0899-3892-94D3-6F8A80AECC10}.Debug|x64.Build.0 = Debug|x64
		{0A138E43-0899-3892-94D3-6F8A80AECC10}.Release|x64.ActiveCfg = Release|x64
		{0A138E43-0899-3892-94D3-6F8A80AECC10}.Release|x64.Build.0 = Release|x64
		{0A138E43-0899-3892-94D3-6F8A80AECC10}.MinSizeRel|x64.ActiveCfg = MinSizeRel|x64
		{0A138E43-0899-3892-94D3-6F8A80AECC10}.MinSizeRel|x64.Build.0 = MinSizeRel|x64
		{0A138E43-0899-3892-94D3-6F8A80AECC10}.RelWithDebInfo|x64.ActiveCfg = RelWithDebInfo|x64
		{0A138E43-0899-3892-94D3-6F8A80AECC10}.RelWithDebInfo|x64.Build.0 = RelWithDebInfo|x64
		{55378666-BB7B-3C7B-968B-E05B743A918B}.Debug|x64.ActiveCfg = Debug|x64
		{55378666-BB7B-3C7B-968B-E05B743A918B}.Debug|x64.Build.0 = Debug|x64
		{55378666-BB7B-3C7B-968B-E05B743A918B}.Release|x64.ActiveCfg = Release|x64
		{55378666-BB7B-3C7B-968B-E05B743A918B}.Release|x64.Build.0 = Release|x64
		{55378666-BB7B-3C7B-968B-E05B743A918B}.MinSizeRel|x64.ActiveCfg = MinSizeRel|x64
		{55378666-BB7B-3C7B-968B-E05B743A918B}.MinSizeRel|x64.Build.0 = MinSizeRel|x64
		{55378666-BB7B-3C7B-968B-E05B743A918B}.RelWithDebInfo|x64.ActiveCfg = RelWithDebInfo|x64
		{55378666-BB7B-3C7B-968B-E05B743A918B}.RelWithDebInfo|x64.Build.0 = RelWithDebInfo|x64
		{4502D489-8BFE-33E4-8A6F-BCF5A19C4487}.Debug|x64.ActiveCfg = Debug|x64
		{4502D489-8BFE-33E4-8A6F-BCF5A19C4487}.Debug|x64.Build.0 = Debug|x64
		{4502D489-8BFE-33E4-8A6F-BCF5A19C4487}.Release|x64.ActiveCfg = Release|x64
		{4502D489-8BFE-33E4-8A6F-BCF5A19C4487}.Release|x64.Build.0 = Release|x64
		{4502D489-8BFE-33E4-8A6F-BCF5A19C4487}.MinSizeRel|x64.ActiveCfg = MinSizeRel|x64
		{4502D489-8BFE-33E4-8A6F-BCF5A19C4487}.MinSizeRel|x64.Build.0 = MinSizeRel|x64
		{4502D489-8BFE-33E4-8A6F-BCF5A19C4487}.RelWithDebInfo|x64.ActiveCfg = RelWithDebInfo|x64
		{4502D489-8BFE-33E4-8A6F-BCF5A19C4487}.RelWithDebInfo|x64.Build.0 = RelWithDebInfo|x64
		{1F13D238-0AA0-31B7-AB64-750CB5A68E3D}.Debug|x64.ActiveCfg = Debug|x64
		{1F13D238-0AA0-31B7-AB64-750CB5A68E3D}.Debug|x64.Build.0 = Debug|x64
		{1F13D238-0AA0-31B7-AB64-750CB5A68E3D}.Release|x64.ActiveCfg = Release|x64
		{1F13D238-0AA0-31B7-AB64-750CB5A68E3D}.Release|x64.Build.0 = Release|x64
		{1F13D238-0AA0-31B7-AB64-750CB5A68E3D}.MinSizeRel|x64.ActiveCfg = MinSizeRel|x64
		{1F13D238-0AA0-31B7-AB64-750CB5A68E3D}.MinSizeRel|x64.Build.0 = MinSizeRel|x64
		{1F13D238-0AA0-31B7-AB64-750CB5A68E3D}.RelWithDebInfo|x64.ActiveCfg = RelWithDebInfo|x64
		{1F13D238-0AA0-31B7-AB64-750CB5A68E3D}.RelWithDebInfo|x64.Build.0 = RelWithDebInfo|x64
		{2E152861-982C-3BBE-97CC-302BB41FD34D}.Debug|x64.ActiveCfg = Debug|x64
		{2E152861-982C-3BBE-97CC-302BB41FD34D}.Debug|x64.Build.0 = Debug|x64
		{2E152861-982C-3BBE-97CC-302BB41FD34D}.Release|x64.ActiveCfg = Release|x64
		{2E152861-982C-3BBE-97CC-302BB41FD34D}.Release|x64.Build.0 = Release|x64
		{2E152861-982C-3BBE-97CC-302BB41FD34D}.MinSizeRel|x64.ActiveCfg = MinSizeRel|x64
		{2E152861-982C-3BBE-97CC-302BB41FD34D}.MinSizeRel|x64.Build.0 = MinSizeRel|x64
		{2E152861-982C-3BBE-97CC-302BB41FD34D}.RelWithDebInfo|x64.ActiveCfg = RelWithDebInfo|x64
		{2E152861-982C-3BBE-97CC-302BB41FD34D}.RelWithDebInfo|x64.Build.0 = RelWithDebInfo|x64
		{42BA288E-20BB-333A-86F6-F461529D40A3}.Debug|x64.ActiveCfg = Debug|x64
		{42BA288E-20BB-333A-86F6-F461529D40A3}.Debug|x64.Build.0 = Debug|x64
		{42BA288E-20BB-333A-86F6-F461529D40A3}.Release|x64.ActiveCfg = Release|x64
		{42BA288E-20BB-333A-86F6-F461529D40A3}.Release|x64.Build.0 = Release|x64
		{42BA288E-20BB-333A-86F6-F461529D40A3}.MinSizeRel|x64.ActiveCfg = MinSizeRel|x64
		{42BA288E-20BB-333A-86F6-F461529D40A3}.MinSizeRel|x64.Build.0 = MinSizeRel|x64
		{42BA288E-20BB-333A-86F6-F461529D40A3}.RelWithDebInfo|x64.ActiveCfg = RelWithDebInfo|x64
		{42BA288E-20BB-333A-86F6-F461529D40A3}.RelWithDebInfo|x64.Build.0 = RelWithDebInfo|x64
	EndGlobalSection
	GlobalSection(ExtensibilityGlobals) = postSolution
		SolutionGuid = {5D3FE414-3BFF-31DF-8E2C-2556FB68D3F2}
	EndGlobalSection
	GlobalSection(ExtensibilityAddIns) = postSolution
	EndGlobalSection
EndGlobal
