
Microsoft Visual Studio Solution File, Format Version 12.00
# Visual Studio Version 17
Project("{2150E333-8FDC-42A3-9474-1A3956D46DE8}") = "CMakePredefinedTargets", "CMakePredefinedTargets", "{3D8E649E-04A1-3DBA-90F5-4580724F7210}"
EndProject
Project("{8BC9CEB8-8B4A-11D0-8D11-00A0C91BC942}") = "ALL_BUILD", "ALL_BUILD.vcxproj", "{5283DAD3-1B7E-3F9D-BAB0-CC16325760D2}"
	ProjectSection(ProjectDependencies) = postProject
		{9C60ECE2-7F71-39FF-ADE4-FFFB97BCB4FF} = {9C60ECE2-7F71-39FF-ADE4-FFFB97BCB4FF}
		{A4E8DCC3-A0EA-3B71-95F6-1FCFB58FAB2E} = {A4E8DCC3-A0EA-3B71-95F6-1FCFB58FAB2E}
		{4894DBDF-E956-3B03-998C-073673A7FECA} = {4894DBDF-E956-3B03-998C-073673A7FECA}
		{58D25142-1A87-3CDF-9812-BACCBA845759} = {58D25142-1A87-3CDF-9812-BACCBA845759}
		{D4C8645E-8070-3282-BC64-578A5D040B88} = {D4C8645E-8070-3282-BC64-578A5D040B88}
		{A4C78F23-612C-314B-84EF-673CD1737EEF} = {A4C78F23-612C-314B-84EF-673CD1737EEF}
		{AE73F111-E8E8-30E1-874F-C07EAB9B76A1} = {AE73F111-E8E8-30E1-874F-C07EAB9B76A1}
	EndProjectSection
EndProject
Project("{8BC9CEB8-8B4A-11D0-8D11-00A0C91BC942}") = "INSTALL", "INSTALL.vcxproj", "{3961B6C9-47EB-3B24-B00A-2D9EFB74F4F0}"
	ProjectSection(ProjectDependencies) = postProject
		{5283DAD3-1B7E-3F9D-BAB0-CC16325760D2} = {5283DAD3-1B7E-3F9D-BAB0-CC16325760D2}
		{9C60ECE2-7F71-39FF-ADE4-FFFB97BCB4FF} = {9C60ECE2-7F71-39FF-ADE4-FFFB97BCB4FF}
	EndProjectSection
EndProject
Project("{8BC9CEB8-8B4A-11D0-8D11-00A0C91BC942}") = "ZERO_CHECK", "ZERO_CHECK.vcxproj", "{9C60ECE2-7F71-39FF-ADE4-FFFB97BCB4FF}"
	ProjectSection(ProjectDependencies) = postProject
	EndProjectSection
EndProject
Project("{8BC9CEB8-8B4A-11D0-8D11-00A0C91BC942}") = "cjpeg-static", "cjpeg-static.vcxproj", "{A4E8DCC3-A0EA-3B71-95F6-1FCFB58FAB2E}"
	ProjectSection(ProjectDependencies) = postProject
		{9C60ECE2-7F71-39FF-ADE4-FFFB97BCB4FF} = {9C60ECE2-7F71-39FF-ADE4-FFFB97BCB4FF}
		{58D25142-1A87-3CDF-9812-BACCBA845759} = {58D25142-1A87-3CDF-9812-BACCBA845759}
	EndProjectSection
EndProject
Project("{8BC9CEB8-8B4A-11D0-8D11-00A0C91BC942}") = "dist", "dist.vcxproj", "{0DFF2F35-50BA-303A-9E86-51C7185D3882}"
	ProjectSection(ProjectDependencies) = postProject
		{9C60ECE2-7F71-39FF-ADE4-FFFB97BCB4FF} = {9C60ECE2-7F71-39FF-ADE4-FFFB97BCB4FF}
	EndProjectSection
EndProject
Project("{8BC9CEB8-8B4A-11D0-8D11-00A0C91BC942}") = "djpeg-static", "djpeg-static.vcxproj", "{4894DBDF-E956-3B03-998C-073673A7FECA}"
	ProjectSection(ProjectDependencies) = postProject
		{9C60ECE2-7F71-39FF-ADE4-FFFB97BCB4FF} = {9C60ECE2-7F71-39FF-ADE4-FFFB97BCB4FF}
		{58D25142-1A87-3CDF-9812-BACCBA845759} = {58D25142-1A87-3CDF-9812-BACCBA845759}
	EndProjectSection
EndProject
Project("{8BC9CEB8-8B4A-11D0-8D11-00A0C91BC942}") = "installer", "installer.vcxproj", "{7D3C01F6-93FA-311C-A875-687A29E8ED04}"
	ProjectSection(ProjectDependencies) = postProject
		{9C60ECE2-7F71-39FF-ADE4-FFFB97BCB4FF} = {9C60ECE2-7F71-39FF-ADE4-FFFB97BCB4FF}
		{58D25142-1A87-3CDF-9812-BACCBA845759} = {58D25142-1A87-3CDF-9812-BACCBA845759}
		{A4C78F23-612C-314B-84EF-673CD1737EEF} = {A4C78F23-612C-314B-84EF-673CD1737EEF}
		{AE73F111-E8E8-30E1-874F-C07EAB9B76A1} = {AE73F111-E8E8-30E1-874F-C07EAB9B76A1}
	EndProjectSection
EndProject
Project("{8BC9CEB8-8B4A-11D0-8D11-00A0C91BC942}") = "jpeg-static", "jpeg-static.vcxproj", "{58D25142-1A87-3CDF-9812-BACCBA845759}"
	ProjectSection(ProjectDependencies) = postProject
		{9C60ECE2-7F71-39FF-ADE4-FFFB97BCB4FF} = {9C60ECE2-7F71-39FF-ADE4-FFFB97BCB4FF}
	EndProjectSection
EndProject
Project("{8BC9CEB8-8B4A-11D0-8D11-00A0C91BC942}") = "jpegtran-static", "jpegtran-static.vcxproj", "{D4C8645E-8070-3282-BC64-578A5D040B88}"
	ProjectSection(ProjectDependencies) = postProject
		{9C60ECE2-7F71-39FF-ADE4-FFFB97BCB4FF} = {9C60ECE2-7F71-39FF-ADE4-FFFB97BCB4FF}
		{58D25142-1A87-3CDF-9812-BACCBA845759} = {58D25142-1A87-3CDF-9812-BACCBA845759}
	EndProjectSection
EndProject
Project("{8BC9CEB8-8B4A-11D0-8D11-00A0C91BC942}") = "rdjpgcom", "rdjpgcom.vcxproj", "{A4C78F23-612C-314B-84EF-673CD1737EEF}"
	ProjectSection(ProjectDependencies) = postProject
		{9C60ECE2-7F71-39FF-ADE4-FFFB97BCB4FF} = {9C60ECE2-7F71-39FF-ADE4-FFFB97BCB4FF}
	EndProjectSection
EndProject
Project("{8BC9CEB8-8B4A-11D0-8D11-00A0C91BC942}") = "tarball", "tarball.vcxproj", "{2EA4D173-D193-376D-B661-4739051056DA}"
	ProjectSection(ProjectDependencies) = postProject
		{9C60ECE2-7F71-39FF-ADE4-FFFB97BCB4FF} = {9C60ECE2-7F71-39FF-ADE4-FFFB97BCB4FF}
	EndProjectSection
EndProject
Project("{8BC9CEB8-8B4A-11D0-8D11-00A0C91BC942}") = "uninstall", "uninstall.vcxproj", "{569A1CC9-C1A1-3EC3-866D-42A9DDBE8305}"
	ProjectSection(ProjectDependencies) = postProject
		{9C60ECE2-7F71-39FF-ADE4-FFFB97BCB4FF} = {9C60ECE2-7F71-39FF-ADE4-FFFB97BCB4FF}
	EndProjectSection
EndProject
Project("{8BC9CEB8-8B4A-11D0-8D11-00A0C91BC942}") = "wrappers", "wrappers.vcxproj", "{1120B3D7-9714-3B31-A67B-3E191450AE6D}"
	ProjectSection(ProjectDependencies) = postProject
		{9C60ECE2-7F71-39FF-ADE4-FFFB97BCB4FF} = {9C60ECE2-7F71-39FF-ADE4-FFFB97BCB4FF}
	EndProjectSection
EndProject
Project("{8BC9CEB8-8B4A-11D0-8D11-00A0C91BC942}") = "wrjpgcom", "wrjpgcom.vcxproj", "{AE73F111-E8E8-30E1-874F-C07EAB9B76A1}"
	ProjectSection(ProjectDependencies) = postProject
		{9C60ECE2-7F71-39FF-ADE4-FFFB97BCB4FF} = {9C60ECE2-7F71-39FF-ADE4-FFFB97BCB4FF}
	EndProjectSection
EndProject
Global
	GlobalSection(SolutionConfigurationPlatforms) = preSolution
		Debug|x64 = Debug|x64
		Release|x64 = Release|x64
		MinSizeRel|x64 = MinSizeRel|x64
		RelWithDebInfo|x64 = RelWithDebInfo|x64
	EndGlobalSection
	GlobalSection(ProjectConfigurationPlatforms) = postSolution
		{5283DAD3-1B7E-3F9D-BAB0-CC16325760D2}.Debug|x64.ActiveCfg = Debug|x64
		{5283DAD3-1B7E-3F9D-BAB0-CC16325760D2}.Debug|x64.Build.0 = Debug|x64
		{5283DAD3-1B7E-3F9D-BAB0-CC16325760D2}.Release|x64.ActiveCfg = Release|x64
		{5283DAD3-1B7E-3F9D-BAB0-CC16325760D2}.Release|x64.Build.0 = Release|x64
		{5283DAD3-1B7E-3F9D-BAB0-CC16325760D2}.MinSizeRel|x64.ActiveCfg = MinSizeRel|x64
		{5283DAD3-1B7E-3F9D-BAB0-CC16325760D2}.MinSizeRel|x64.Build.0 = MinSizeRel|x64
		{5283DAD3-1B7E-3F9D-BAB0-CC16325760D2}.RelWithDebInfo|x64.ActiveCfg = RelWithDebInfo|x64
		{5283DAD3-1B7E-3F9D-BAB0-CC16325760D2}.RelWithDebInfo|x64.Build.0 = RelWithDebInfo|x64
		{3961B6C9-47EB-3B24-B00A-2D9EFB74F4F0}.Debug|x64.ActiveCfg = Debug|x64
		{3961B6C9-47EB-3B24-B00A-2D9EFB74F4F0}.Release|x64.ActiveCfg = Release|x64
		{3961B6C9-47EB-3B24-B00A-2D9EFB74F4F0}.MinSizeRel|x64.ActiveCfg = MinSizeRel|x64
		{3961B6C9-47EB-3B24-B00A-2D9EFB74F4F0}.RelWithDebInfo|x64.ActiveCfg = RelWithDebInfo|x64
		{9C60ECE2-7F71-39FF-ADE4-FFFB97BCB4FF}.Debug|x64.ActiveCfg = Debug|x64
		{9C60ECE2-7F71-39FF-ADE4-FFFB97BCB4FF}.Debug|x64.Build.0 = Debug|x64
		{9C60ECE2-7F71-39FF-ADE4-FFFB97BCB4FF}.Release|x64.ActiveCfg = Release|x64
		{9C60ECE2-7F71-39FF-ADE4-FFFB97BCB4FF}.Release|x64.Build.0 = Release|x64
		{9C60ECE2-7F71-39FF-ADE4-FFFB97BCB4FF}.MinSizeRel|x64.ActiveCfg = MinSizeRel|x64
		{9C60ECE2-7F71-39FF-ADE4-FFFB97BCB4FF}.MinSizeRel|x64.Build.0 = MinSizeRel|x64
		{9C60ECE2-7F71-39FF-ADE4-FFFB97BCB4FF}.RelWithDebInfo|x64.ActiveCfg = RelWithDebInfo|x64
		{9C60ECE2-7F71-39FF-ADE4-FFFB97BCB4FF}.RelWithDebInfo|x64.Build.0 = RelWithDebInfo|x64
		{A4E8DCC3-A0EA-3B71-95F6-1FCFB58FAB2E}.Debug|x64.ActiveCfg = Debug|x64
		{A4E8DCC3-A0EA-3B71-95F6-1FCFB58FAB2E}.Debug|x64.Build.0 = Debug|x64
		{A4E8DCC3-A0EA-3B71-95F6-1FCFB58FAB2E}.Release|x64.ActiveCfg = Release|x64
		{A4E8DCC3-A0EA-3B71-95F6-1FCFB58FAB2E}.Release|x64.Build.0 = Release|x64
		{A4E8DCC3-A0EA-3B71-95F6-1FCFB58FAB2E}.MinSizeRel|x64.ActiveCfg = MinSizeRel|x64
		{A4E8DCC3-A0EA-3B71-95F6-1FCFB58FAB2E}.MinSizeRel|x64.Build.0 = MinSizeRel|x64
		{A4E8DCC3-A0EA-3B71-95F6-1FCFB58FAB2E}.RelWithDebInfo|x64.ActiveCfg = RelWithDebInfo|x64
		{A4E8DCC3-A0EA-3B71-95F6-1FCFB58FAB2E}.RelWithDebInfo|x64.Build.0 = RelWithDebInfo|x64
		{0DFF2F35-50BA-303A-9E86-51C7185D3882}.Debug|x64.ActiveCfg = Debug|x64
		{0DFF2F35-50BA-303A-9E86-51C7185D3882}.Release|x64.ActiveCfg = Release|x64
		{0DFF2F35-50BA-303A-9E86-51C7185D3882}.MinSizeRel|x64.ActiveCfg = MinSizeRel|x64
		{0DFF2F35-50BA-303A-9E86-51C7185D3882}.RelWithDebInfo|x64.ActiveCfg = RelWithDebInfo|x64
		{4894DBDF-E956-3B03-998C-073673A7FECA}.Debug|x64.ActiveCfg = Debug|x64
		{4894DBDF-E956-3B03-998C-073673A7FECA}.Debug|x64.Build.0 = Debug|x64
		{4894DBDF-E956-3B03-998C-073673A7FECA}.Release|x64.ActiveCfg = Release|x64
		{4894DBDF-E956-3B03-998C-073673A7FECA}.Release|x64.Build.0 = Release|x64
		{4894DBDF-E956-3B03-998C-073673A7FECA}.MinSizeRel|x64.ActiveCfg = MinSizeRel|x64
		{4894DBDF-E956-3B03-998C-073673A7FECA}.MinSizeRel|x64.Build.0 = MinSizeRel|x64
		{4894DBDF-E956-3B03-998C-073673A7FECA}.RelWithDebInfo|x64.ActiveCfg = RelWithDebInfo|x64
		{4894DBDF-E956-3B03-998C-073673A7FECA}.RelWithDebInfo|x64.Build.0 = RelWithDebInfo|x64
		{7D3C01F6-93FA-311C-A875-687A29E8ED04}.Debug|x64.ActiveCfg = Debug|x64
		{7D3C01F6-93FA-311C-A875-687A29E8ED04}.Release|x64.ActiveCfg = Release|x64
		{7D3C01F6-93FA-311C-A875-687A29E8ED04}.MinSizeRel|x64.ActiveCfg = MinSizeRel|x64
		{7D3C01F6-93FA-311C-A875-687A29E8ED04}.RelWithDebInfo|x64.ActiveCfg = RelWithDebInfo|x64
		{58D25142-1A87-3CDF-9812-BACCBA845759}.Debug|x64.ActiveCfg = Debug|x64
		{58D25142-1A87-3CDF-9812-BACCBA845759}.Debug|x64.Build.0 = Debug|x64
		{58D25142-1A87-3CDF-9812-BACCBA845759}.Release|x64.ActiveCfg = Release|x64
		{58D25142-1A87-3CDF-9812-BACCBA845759}.Release|x64.Build.0 = Release|x64
		{58D25142-1A87-3CDF-9812-BACCBA845759}.MinSizeRel|x64.ActiveCfg = MinSizeRel|x64
		{58D25142-1A87-3CDF-9812-BACCBA845759}.MinSizeRel|x64.Build.0 = MinSizeRel|x64
		{58D25142-1A87-3CDF-9812-BACCBA845759}.RelWithDebInfo|x64.ActiveCfg = RelWithDebInfo|x64
		{58D25142-1A87-3CDF-9812-BACCBA845759}.RelWithDebInfo|x64.Build.0 = RelWithDebInfo|x64
		{D4C8645E-8070-3282-BC64-578A5D040B88}.Debug|x64.ActiveCfg = Debug|x64
		{D4C8645E-8070-3282-BC64-578A5D040B88}.Debug|x64.Build.0 = Debug|x64
		{D4C8645E-8070-3282-BC64-578A5D040B88}.Release|x64.ActiveCfg = Release|x64
		{D4C8645E-8070-3282-BC64-578A5D040B88}.Release|x64.Build.0 = Release|x64
		{D4C8645E-8070-3282-BC64-578A5D040B88}.MinSizeRel|x64.ActiveCfg = MinSizeRel|x64
		{D4C8645E-8070-3282-BC64-578A5D040B88}.MinSizeRel|x64.Build.0 = MinSizeRel|x64
		{D4C8645E-8070-3282-BC64-578A5D040B88}.RelWithDebInfo|x64.ActiveCfg = RelWithDebInfo|x64
		{D4C8645E-8070-3282-BC64-578A5D040B88}.RelWithDebInfo|x64.Build.0 = RelWithDebInfo|x64
		{A4C78F23-612C-314B-84EF-673CD1737EEF}.Debug|x64.ActiveCfg = Debug|x64
		{A4C78F23-612C-314B-84EF-673CD1737EEF}.Debug|x64.Build.0 = Debug|x64
		{A4C78F23-612C-314B-84EF-673CD1737EEF}.Release|x64.ActiveCfg = Release|x64
		{A4C78F23-612C-314B-84EF-673CD1737EEF}.Release|x64.Build.0 = Release|x64
		{A4C78F23-612C-314B-84EF-673CD1737EEF}.MinSizeRel|x64.ActiveCfg = MinSizeRel|x64
		{A4C78F23-612C-314B-84EF-673CD1737EEF}.MinSizeRel|x64.Build.0 = MinSizeRel|x64
		{A4C78F23-612C-314B-84EF-673CD1737EEF}.RelWithDebInfo|x64.ActiveCfg = RelWithDebInfo|x64
		{A4C78F23-612C-314B-84EF-673CD1737EEF}.RelWithDebInfo|x64.Build.0 = RelWithDebInfo|x64
		{2EA4D173-D193-376D-B661-4739051056DA}.Debug|x64.ActiveCfg = Debug|x64
		{2EA4D173-D193-376D-B661-4739051056DA}.Release|x64.ActiveCfg = Release|x64
		{2EA4D173-D193-376D-B661-4739051056DA}.MinSizeRel|x64.ActiveCfg = MinSizeRel|x64
		{2EA4D173-D193-376D-B661-4739051056DA}.RelWithDebInfo|x64.ActiveCfg = RelWithDebInfo|x64
		{569A1CC9-C1A1-3EC3-866D-42A9DDBE8305}.Debug|x64.ActiveCfg = Debug|x64
		{569A1CC9-C1A1-3EC3-866D-42A9DDBE8305}.Release|x64.ActiveCfg = Release|x64
		{569A1CC9-C1A1-3EC3-866D-42A9DDBE8305}.MinSizeRel|x64.ActiveCfg = MinSizeRel|x64
		{569A1CC9-C1A1-3EC3-866D-42A9DDBE8305}.RelWithDebInfo|x64.ActiveCfg = RelWithDebInfo|x64
		{1120B3D7-9714-3B31-A67B-3E191450AE6D}.Debug|x64.ActiveCfg = Debug|x64
		{1120B3D7-9714-3B31-A67B-3E191450AE6D}.Release|x64.ActiveCfg = Release|x64
		{1120B3D7-9714-3B31-A67B-3E191450AE6D}.MinSizeRel|x64.ActiveCfg = MinSizeRel|x64
		{1120B3D7-9714-3B31-A67B-3E191450AE6D}.RelWithDebInfo|x64.ActiveCfg = RelWithDebInfo|x64
		{AE73F111-E8E8-30E1-874F-C07EAB9B76A1}.Debug|x64.ActiveCfg = Debug|x64
		{AE73F111-E8E8-30E1-874F-C07EAB9B76A1}.Debug|x64.Build.0 = Debug|x64
		{AE73F111-E8E8-30E1-874F-C07EAB9B76A1}.Release|x64.ActiveCfg = Release|x64
		{AE73F111-E8E8-30E1-874F-C07EAB9B76A1}.Release|x64.Build.0 = Release|x64
		{AE73F111-E8E8-30E1-874F-C07EAB9B76A1}.MinSizeRel|x64.ActiveCfg = MinSizeRel|x64
		{AE73F111-E8E8-30E1-874F-C07EAB9B76A1}.MinSizeRel|x64.Build.0 = MinSizeRel|x64
		{AE73F111-E8E8-30E1-874F-C07EAB9B76A1}.RelWithDebInfo|x64.ActiveCfg = RelWithDebInfo|x64
		{AE73F111-E8E8-30E1-874F-C07EAB9B76A1}.RelWithDebInfo|x64.Build.0 = RelWithDebInfo|x64
	EndGlobalSection
	GlobalSection(NestedProjects) = preSolution
		{5283DAD3-1B7E-3F9D-BAB0-CC16325760D2} = {3D8E649E-04A1-3DBA-90F5-4580724F7210}
		{3961B6C9-47EB-3B24-B00A-2D9EFB74F4F0} = {3D8E649E-04A1-3DBA-90F5-4580724F7210}
		{9C60ECE2-7F71-39FF-ADE4-FFFB97BCB4FF} = {3D8E649E-04A1-3DBA-90F5-4580724F7210}
	EndGlobalSection
	GlobalSection(ExtensibilityGlobals) = postSolution
		SolutionGuid = {F89A6921-C157-3241-B2DD-11B9A7EEBCC7}
	EndGlobalSection
	GlobalSection(ExtensibilityAddIns) = postSolution
	EndGlobalSection
EndGlobal
