
Microsoft Visual Studio Solution File, Format Version 12.00
# Visual Studio Version 16
VisualStudioVersion = 16.0.31424.327
MinimumVisualStudioVersion = 10.0.40219.1
Project("{8BC9CEB8-8B4A-11D0-8D11-00A0C91BC942}") = "opennn", "..\opennn\opennn.vcxproj", "{A3901B9A-AA4C-439F-932F-962D71B4A6D9}"
EndProject
Project("{8BC9CEB8-8B4A-11D0-8D11-00A0C91BC942}") = "rosenbrock", "rosenbrock\rosenbrock.vcxproj", "{E5316C8E-958B-4516-8FED-35CE23A07B0E}"
	ProjectSection(ProjectDependencies) = postProject
		{A3901B9A-AA4C-439F-932F-962D71B4A6D9} = {A3901B9A-AA4C-439F-932F-962D71B4A6D9}
	EndProjectSection
EndProject
Global
	GlobalSection(SolutionConfigurationPlatforms) = preSolution
		Debug|x64 = Debug|x64
		MinSizeRel|x64 = MinSizeRel|x64
		Release|x64 = Release|x64
		RelWithDebInfo|x64 = RelWithDebInfo|x64
	EndGlobalSection
	GlobalSection(ProjectConfigurationPlatforms) = postSolution
		{A3901B9A-AA4C-439F-932F-962D71B4A6D9}.Debug|x64.ActiveCfg = Debug|x64
		{A3901B9A-AA4C-439F-932F-962D71B4A6D9}.Debug|x64.Build.0 = Debug|x64
		{A3901B9A-AA4C-439F-932F-962D71B4A6D9}.MinSizeRel|x64.ActiveCfg = MinSizeRel|x64
		{A3901B9A-AA4C-439F-932F-962D71B4A6D9}.MinSizeRel|x64.Build.0 = MinSizeRel|x64
		{A3901B9A-AA4C-439F-932F-962D71B4A6D9}.Release|x64.ActiveCfg = Release|x64
		{A3901B9A-AA4C-439F-932F-962D71B4A6D9}.Release|x64.Build.0 = Release|x64
		{A3901B9A-AA4C-439F-932F-962D71B4A6D9}.RelWithDebInfo|x64.ActiveCfg = RelWithDebInfo|x64
		{A3901B9A-AA4C-439F-932F-962D71B4A6D9}.RelWithDebInfo|x64.Build.0 = RelWithDebInfo|x64
		{E5316C8E-958B-4516-8FED-35CE23A07B0E}.Debug|x64.ActiveCfg = Debug|x64
		{E5316C8E-958B-4516-8FED-35CE23A07B0E}.Debug|x64.Build.0 = Debug|x64
		{E5316C8E-958B-4516-8FED-35CE23A07B0E}.MinSizeRel|x64.ActiveCfg = MinSizeRel|x64
		{E5316C8E-958B-4516-8FED-35CE23A07B0E}.MinSizeRel|x64.Build.0 = MinSizeRel|x64
		{E5316C8E-958B-4516-8FED-35CE23A07B0E}.Release|x64.ActiveCfg = Release|x64
		{E5316C8E-958B-4516-8FED-35CE23A07B0E}.Release|x64.Build.0 = Release|x64
		{E5316C8E-958B-4516-8FED-35CE23A07B0E}.RelWithDebInfo|x64.ActiveCfg = RelWithDebInfo|x64
		{E5316C8E-958B-4516-8FED-35CE23A07B0E}.RelWithDebInfo|x64.Build.0 = RelWithDebInfo|x64
	EndGlobalSection
	GlobalSection(SolutionProperties) = preSolution
		HideSolutionNode = FALSE
	EndGlobalSection
	GlobalSection(ExtensibilityGlobals) = postSolution
		SolutionGuid = {A7049923-1936-32C0-8B41-91366F9CB81B}
	EndGlobalSection
EndGlobal
