
Microsoft Visual Studio Solution File, Format Version 12.00
# Visual Studio Version 17
Project("{2150E333-8FDC-42A3-9474-1A3956D46DE8}") = "CMakePredefinedTargets", "CMakePredefinedTargets", "{DADCCCC8-BCB0-39A6-AF36-7B2778339644}"
EndProject
Project("{8BC9CEB8-8B4A-11D0-8D11-00A0C91BC942}") = "ALL_BUILD", "ALL_BUILD.vcxproj", "{4489B0D7-C24B-3F4F-821C-43617732E3B7}"
	ProjectSection(ProjectDependencies) = postProject
		{B7F9E050-0323-376A-B022-7AB6CBBA5F6C} = {B7F9E050-0323-376A-B022-7AB6CBBA5F6C}
		{E01FC07D-9C4F-3BC7-B5FF-11F1EBB55812} = {E01FC07D-9C4F-3BC7-B5FF-11F1EBB55812}
		{82C7C274-4B51-32FF-A58A-37016CD5B1A3} = {82C7C274-4B51-32FF-A58A-37016CD5B1A3}
		{1F0AB22C-12CA-34A3-AF26-EFA0CBF44892} = {1F0AB22C-12CA-34A3-AF26-EFA0CBF44892}
		{58CFA375-FF66-33EE-A015-66656751EB32} = {58CFA375-FF66-33EE-A015-66656751EB32}
		{61E62ED3-05E5-3776-98A6-EEECBCADC853} = {61E62ED3-05E5-3776-98A6-EEECBCADC853}
		{57126600-B188-3180-842A-0E2F95B5E258} = {57126600-B188-3180-842A-0E2F95B5E258}
	EndProjectSection
EndProject
Project("{8BC9CEB8-8B4A-11D0-8D11-00A0C91BC942}") = "INSTALL", "INSTALL.vcxproj", "{FF83BF28-345E-375F-8F77-E38FC02ED978}"
	ProjectSection(ProjectDependencies) = postProject
		{4489B0D7-C24B-3F4F-821C-43617732E3B7} = {4489B0D7-C24B-3F4F-821C-43617732E3B7}
		{B7F9E050-0323-376A-B022-7AB6CBBA5F6C} = {B7F9E050-0323-376A-B022-7AB6CBBA5F6C}
	EndProjectSection
EndProject
Project("{8BC9CEB8-8B4A-11D0-8D11-00A0C91BC942}") = "ZERO_CHECK", "ZERO_CHECK.vcxproj", "{B7F9E050-0323-376A-B022-7AB6CBBA5F6C}"
	ProjectSection(ProjectDependencies) = postProject
	EndProjectSection
EndProject
Project("{8BC9CEB8-8B4A-11D0-8D11-00A0C91BC942}") = "cjpeg-static", "cjpeg-static.vcxproj", "{E01FC07D-9C4F-3BC7-B5FF-11F1EBB55812}"
	ProjectSection(ProjectDependencies) = postProject
		{B7F9E050-0323-376A-B022-7AB6CBBA5F6C} = {B7F9E050-0323-376A-B022-7AB6CBBA5F6C}
		{1F0AB22C-12CA-34A3-AF26-EFA0CBF44892} = {1F0AB22C-12CA-34A3-AF26-EFA0CBF44892}
	EndProjectSection
EndProject
Project("{8BC9CEB8-8B4A-11D0-8D11-00A0C91BC942}") = "dist", "dist.vcxproj", "{3BC8E93C-8F59-3BC7-9FE3-CB0E36ADA7A4}"
	ProjectSection(ProjectDependencies) = postProject
		{B7F9E050-0323-376A-B022-7AB6CBBA5F6C} = {B7F9E050-0323-376A-B022-7AB6CBBA5F6C}
	EndProjectSection
EndProject
Project("{8BC9CEB8-8B4A-11D0-8D11-00A0C91BC942}") = "djpeg-static", "djpeg-static.vcxproj", "{82C7C274-4B51-32FF-A58A-37016CD5B1A3}"
	ProjectSection(ProjectDependencies) = postProject
		{B7F9E050-0323-376A-B022-7AB6CBBA5F6C} = {B7F9E050-0323-376A-B022-7AB6CBBA5F6C}
		{1F0AB22C-12CA-34A3-AF26-EFA0CBF44892} = {1F0AB22C-12CA-34A3-AF26-EFA0CBF44892}
	EndProjectSection
EndProject
Project("{8BC9CEB8-8B4A-11D0-8D11-00A0C91BC942}") = "installer", "installer.vcxproj", "{2ED8C71B-5D57-3C13-8C21-50F917E77112}"
	ProjectSection(ProjectDependencies) = postProject
		{B7F9E050-0323-376A-B022-7AB6CBBA5F6C} = {B7F9E050-0323-376A-B022-7AB6CBBA5F6C}
		{1F0AB22C-12CA-34A3-AF26-EFA0CBF44892} = {1F0AB22C-12CA-34A3-AF26-EFA0CBF44892}
		{61E62ED3-05E5-3776-98A6-EEECBCADC853} = {61E62ED3-05E5-3776-98A6-EEECBCADC853}
		{57126600-B188-3180-842A-0E2F95B5E258} = {57126600-B188-3180-842A-0E2F95B5E258}
	EndProjectSection
EndProject
Project("{8BC9CEB8-8B4A-11D0-8D11-00A0C91BC942}") = "jpeg-static", "jpeg-static.vcxproj", "{1F0AB22C-12CA-34A3-AF26-EFA0CBF44892}"
	ProjectSection(ProjectDependencies) = postProject
		{B7F9E050-0323-376A-B022-7AB6CBBA5F6C} = {B7F9E050-0323-376A-B022-7AB6CBBA5F6C}
	EndProjectSection
EndProject
Project("{8BC9CEB8-8B4A-11D0-8D11-00A0C91BC942}") = "jpegtran-static", "jpegtran-static.vcxproj", "{58CFA375-FF66-33EE-A015-66656751EB32}"
	ProjectSection(ProjectDependencies) = postProject
		{B7F9E050-0323-376A-B022-7AB6CBBA5F6C} = {B7F9E050-0323-376A-B022-7AB6CBBA5F6C}
		{1F0AB22C-12CA-34A3-AF26-EFA0CBF44892} = {1F0AB22C-12CA-34A3-AF26-EFA0CBF44892}
	EndProjectSection
EndProject
Project("{8BC9CEB8-8B4A-11D0-8D11-00A0C91BC942}") = "rdjpgcom", "rdjpgcom.vcxproj", "{61E62ED3-05E5-3776-98A6-EEECBCADC853}"
	ProjectSection(ProjectDependencies) = postProject
		{B7F9E050-0323-376A-B022-7AB6CBBA5F6C} = {B7F9E050-0323-376A-B022-7AB6CBBA5F6C}
	EndProjectSection
EndProject
Project("{8BC9CEB8-8B4A-11D0-8D11-00A0C91BC942}") = "tarball", "tarball.vcxproj", "{0A56AEB7-E247-380F-9255-A0539A0811D9}"
	ProjectSection(ProjectDependencies) = postProject
		{B7F9E050-0323-376A-B022-7AB6CBBA5F6C} = {B7F9E050-0323-376A-B022-7AB6CBBA5F6C}
	EndProjectSection
EndProject
Project("{8BC9CEB8-8B4A-11D0-8D11-00A0C91BC942}") = "uninstall", "uninstall.vcxproj", "{7F2E7A3F-C21A-335D-8D10-EFCC3F12C767}"
	ProjectSection(ProjectDependencies) = postProject
		{B7F9E050-0323-376A-B022-7AB6CBBA5F6C} = {B7F9E050-0323-376A-B022-7AB6CBBA5F6C}
	EndProjectSection
EndProject
Project("{8BC9CEB8-8B4A-11D0-8D11-00A0C91BC942}") = "wrappers", "wrappers.vcxproj", "{11CA8022-210E-37C6-991A-56A33FC15875}"
	ProjectSection(ProjectDependencies) = postProject
		{B7F9E050-0323-376A-B022-7AB6CBBA5F6C} = {B7F9E050-0323-376A-B022-7AB6CBBA5F6C}
	EndProjectSection
EndProject
Project("{8BC9CEB8-8B4A-11D0-8D11-00A0C91BC942}") = "wrjpgcom", "wrjpgcom.vcxproj", "{57126600-B188-3180-842A-0E2F95B5E258}"
	ProjectSection(ProjectDependencies) = postProject
		{B7F9E050-0323-376A-B022-7AB6CBBA5F6C} = {B7F9E050-0323-376A-B022-7AB6CBBA5F6C}
	EndProjectSection
EndProject
Global
	GlobalSection(SolutionConfigurationPlatforms) = preSolution
		Debug|x64 = Debug|x64
		Release|x64 = Release|x64
		MinSizeRel|x64 = MinSizeRel|x64
		RelWithDebInfo|x64 = RelWithDebInfo|x64
	EndGlobalSection
	GlobalSection(ProjectConfigurationPlatforms) = postSolution
		{4489B0D7-C24B-3F4F-821C-43617732E3B7}.Debug|x64.ActiveCfg = Debug|x64
		{4489B0D7-C24B-3F4F-821C-43617732E3B7}.Debug|x64.Build.0 = Debug|x64
		{4489B0D7-C24B-3F4F-821C-43617732E3B7}.Release|x64.ActiveCfg = Release|x64
		{4489B0D7-C24B-3F4F-821C-43617732E3B7}.Release|x64.Build.0 = Release|x64
		{4489B0D7-C24B-3F4F-821C-43617732E3B7}.MinSizeRel|x64.ActiveCfg = MinSizeRel|x64
		{4489B0D7-C24B-3F4F-821C-43617732E3B7}.MinSizeRel|x64.Build.0 = MinSizeRel|x64
		{4489B0D7-C24B-3F4F-821C-43617732E3B7}.RelWithDebInfo|x64.ActiveCfg = RelWithDebInfo|x64
		{4489B0D7-C24B-3F4F-821C-43617732E3B7}.RelWithDebInfo|x64.Build.0 = RelWithDebInfo|x64
		{FF83BF28-345E-375F-8F77-E38FC02ED978}.Debug|x64.ActiveCfg = Debug|x64
		{FF83BF28-345E-375F-8F77-E38FC02ED978}.Release|x64.ActiveCfg = Release|x64
		{FF83BF28-345E-375F-8F77-E38FC02ED978}.MinSizeRel|x64.ActiveCfg = MinSizeRel|x64
		{FF83BF28-345E-375F-8F77-E38FC02ED978}.RelWithDebInfo|x64.ActiveCfg = RelWithDebInfo|x64
		{B7F9E050-0323-376A-B022-7AB6CBBA5F6C}.Debug|x64.ActiveCfg = Debug|x64
		{B7F9E050-0323-376A-B022-7AB6CBBA5F6C}.Debug|x64.Build.0 = Debug|x64
		{B7F9E050-0323-376A-B022-7AB6CBBA5F6C}.Release|x64.ActiveCfg = Release|x64
		{B7F9E050-0323-376A-B022-7AB6CBBA5F6C}.Release|x64.Build.0 = Release|x64
		{B7F9E050-0323-376A-B022-7AB6CBBA5F6C}.MinSizeRel|x64.ActiveCfg = MinSizeRel|x64
		{B7F9E050-0323-376A-B022-7AB6CBBA5F6C}.MinSizeRel|x64.Build.0 = MinSizeRel|x64
		{B7F9E050-0323-376A-B022-7AB6CBBA5F6C}.RelWithDebInfo|x64.ActiveCfg = RelWithDebInfo|x64
		{B7F9E050-0323-376A-B022-7AB6CBBA5F6C}.RelWithDebInfo|x64.Build.0 = RelWithDebInfo|x64
		{E01FC07D-9C4F-3BC7-B5FF-11F1EBB55812}.Debug|x64.ActiveCfg = Debug|x64
		{E01FC07D-9C4F-3BC7-B5FF-11F1EBB55812}.Debug|x64.Build.0 = Debug|x64
		{E01FC07D-9C4F-3BC7-B5FF-11F1EBB55812}.Release|x64.ActiveCfg = Release|x64
		{E01FC07D-9C4F-3BC7-B5FF-11F1EBB55812}.Release|x64.Build.0 = Release|x64
		{E01FC07D-9C4F-3BC7-B5FF-11F1EBB55812}.MinSizeRel|x64.ActiveCfg = MinSizeRel|x64
		{E01FC07D-9C4F-3BC7-B5FF-11F1EBB55812}.MinSizeRel|x64.Build.0 = MinSizeRel|x64
		{E01FC07D-9C4F-3BC7-B5FF-11F1EBB55812}.RelWithDebInfo|x64.ActiveCfg = RelWithDebInfo|x64
		{E01FC07D-9C4F-3BC7-B5FF-11F1EBB55812}.RelWithDebInfo|x64.Build.0 = RelWithDebInfo|x64
		{3BC8E93C-8F59-3BC7-9FE3-CB0E36ADA7A4}.Debug|x64.ActiveCfg = Debug|x64
		{3BC8E93C-8F59-3BC7-9FE3-CB0E36ADA7A4}.Release|x64.ActiveCfg = Release|x64
		{3BC8E93C-8F59-3BC7-9FE3-CB0E36ADA7A4}.MinSizeRel|x64.ActiveCfg = MinSizeRel|x64
		{3BC8E93C-8F59-3BC7-9FE3-CB0E36ADA7A4}.RelWithDebInfo|x64.ActiveCfg = RelWithDebInfo|x64
		{82C7C274-4B51-32FF-A58A-37016CD5B1A3}.Debug|x64.ActiveCfg = Debug|x64
		{82C7C274-4B51-32FF-A58A-37016CD5B1A3}.Debug|x64.Build.0 = Debug|x64
		{82C7C274-4B51-32FF-A58A-37016CD5B1A3}.Release|x64.ActiveCfg = Release|x64
		{82C7C274-4B51-32FF-A58A-37016CD5B1A3}.Release|x64.Build.0 = Release|x64
		{82C7C274-4B51-32FF-A58A-37016CD5B1A3}.MinSizeRel|x64.ActiveCfg = MinSizeRel|x64
		{82C7C274-4B51-32FF-A58A-37016CD5B1A3}.MinSizeRel|x64.Build.0 = MinSizeRel|x64
		{82C7C274-4B51-32FF-A58A-37016CD5B1A3}.RelWithDebInfo|x64.ActiveCfg = RelWithDebInfo|x64
		{82C7C274-4B51-32FF-A58A-37016CD5B1A3}.RelWithDebInfo|x64.Build.0 = RelWithDebInfo|x64
		{2ED8C71B-5D57-3C13-8C21-50F917E77112}.Debug|x64.ActiveCfg = Debug|x64
		{2ED8C71B-5D57-3C13-8C21-50F917E77112}.Release|x64.ActiveCfg = Release|x64
		{2ED8C71B-5D57-3C13-8C21-50F917E77112}.MinSizeRel|x64.ActiveCfg = MinSizeRel|x64
		{2ED8C71B-5D57-3C13-8C21-50F917E77112}.RelWithDebInfo|x64.ActiveCfg = RelWithDebInfo|x64
		{1F0AB22C-12CA-34A3-AF26-EFA0CBF44892}.Debug|x64.ActiveCfg = Debug|x64
		{1F0AB22C-12CA-34A3-AF26-EFA0CBF44892}.Debug|x64.Build.0 = Debug|x64
		{1F0AB22C-12CA-34A3-AF26-EFA0CBF44892}.Release|x64.ActiveCfg = Release|x64
		{1F0AB22C-12CA-34A3-AF26-EFA0CBF44892}.Release|x64.Build.0 = Release|x64
		{1F0AB22C-12CA-34A3-AF26-EFA0CBF44892}.MinSizeRel|x64.ActiveCfg = MinSizeRel|x64
		{1F0AB22C-12CA-34A3-AF26-EFA0CBF44892}.MinSizeRel|x64.Build.0 = MinSizeRel|x64
		{1F0AB22C-12CA-34A3-AF26-EFA0CBF44892}.RelWithDebInfo|x64.ActiveCfg = RelWithDebInfo|x64
		{1F0AB22C-12CA-34A3-AF26-EFA0CBF44892}.RelWithDebInfo|x64.Build.0 = RelWithDebInfo|x64
		{58CFA375-FF66-33EE-A015-66656751EB32}.Debug|x64.ActiveCfg = Debug|x64
		{58CFA375-FF66-33EE-A015-66656751EB32}.Debug|x64.Build.0 = Debug|x64
		{58CFA375-FF66-33EE-A015-66656751EB32}.Release|x64.ActiveCfg = Release|x64
		{58CFA375-FF66-33EE-A015-66656751EB32}.Release|x64.Build.0 = Release|x64
		{58CFA375-FF66-33EE-A015-66656751EB32}.MinSizeRel|x64.ActiveCfg = MinSizeRel|x64
		{58CFA375-FF66-33EE-A015-66656751EB32}.MinSizeRel|x64.Build.0 = MinSizeRel|x64
		{58CFA375-FF66-33EE-A015-66656751EB32}.RelWithDebInfo|x64.ActiveCfg = RelWithDebInfo|x64
		{58CFA375-FF66-33EE-A015-66656751EB32}.RelWithDebInfo|x64.Build.0 = RelWithDebInfo|x64
		{61E62ED3-05E5-3776-98A6-EEECBCADC853}.Debug|x64.ActiveCfg = Debug|x64
		{61E62ED3-05E5-3776-98A6-EEECBCADC853}.Debug|x64.Build.0 = Debug|x64
		{61E62ED3-05E5-3776-98A6-EEECBCADC853}.Release|x64.ActiveCfg = Release|x64
		{61E62ED3-05E5-3776-98A6-EEECBCADC853}.Release|x64.Build.0 = Release|x64
		{61E62ED3-05E5-3776-98A6-EEECBCADC853}.MinSizeRel|x64.ActiveCfg = MinSizeRel|x64
		{61E62ED3-05E5-3776-98A6-EEECBCADC853}.MinSizeRel|x64.Build.0 = MinSizeRel|x64
		{61E62ED3-05E5-3776-98A6-EEECBCADC853}.RelWithDebInfo|x64.ActiveCfg = RelWithDebInfo|x64
		{61E62ED3-05E5-3776-98A6-EEECBCADC853}.RelWithDebInfo|x64.Build.0 = RelWithDebInfo|x64
		{0A56AEB7-E247-380F-9255-A0539A0811D9}.Debug|x64.ActiveCfg = Debug|x64
		{0A56AEB7-E247-380F-9255-A0539A0811D9}.Release|x64.ActiveCfg = Release|x64
		{0A56AEB7-E247-380F-9255-A0539A0811D9}.MinSizeRel|x64.ActiveCfg = MinSizeRel|x64
		{0A56AEB7-E247-380F-9255-A0539A0811D9}.RelWithDebInfo|x64.ActiveCfg = RelWithDebInfo|x64
		{7F2E7A3F-C21A-335D-8D10-EFCC3F12C767}.Debug|x64.ActiveCfg = Debug|x64
		{7F2E7A3F-C21A-335D-8D10-EFCC3F12C767}.Release|x64.ActiveCfg = Release|x64
		{7F2E7A3F-C21A-335D-8D10-EFCC3F12C767}.MinSizeRel|x64.ActiveCfg = MinSizeRel|x64
		{7F2E7A3F-C21A-335D-8D10-EFCC3F12C767}.RelWithDebInfo|x64.ActiveCfg = RelWithDebInfo|x64
		{11CA8022-210E-37C6-991A-56A33FC15875}.Debug|x64.ActiveCfg = Debug|x64
		{11CA8022-210E-37C6-991A-56A33FC15875}.Release|x64.ActiveCfg = Release|x64
		{11CA8022-210E-37C6-991A-56A33FC15875}.MinSizeRel|x64.ActiveCfg = MinSizeRel|x64
		{11CA8022-210E-37C6-991A-56A33FC15875}.RelWithDebInfo|x64.ActiveCfg = RelWithDebInfo|x64
		{57126600-B188-3180-842A-0E2F95B5E258}.Debug|x64.ActiveCfg = Debug|x64
		{57126600-B188-3180-842A-0E2F95B5E258}.Debug|x64.Build.0 = Debug|x64
		{57126600-B188-3180-842A-0E2F95B5E258}.Release|x64.ActiveCfg = Release|x64
		{57126600-B188-3180-842A-0E2F95B5E258}.Release|x64.Build.0 = Release|x64
		{57126600-B188-3180-842A-0E2F95B5E258}.MinSizeRel|x64.ActiveCfg = MinSizeRel|x64
		{57126600-B188-3180-842A-0E2F95B5E258}.MinSizeRel|x64.Build.0 = MinSizeRel|x64
		{57126600-B188-3180-842A-0E2F95B5E258}.RelWithDebInfo|x64.ActiveCfg = RelWithDebInfo|x64
		{57126600-B188-3180-842A-0E2F95B5E258}.RelWithDebInfo|x64.Build.0 = RelWithDebInfo|x64
	EndGlobalSection
	GlobalSection(NestedProjects) = preSolution
		{4489B0D7-C24B-3F4F-821C-43617732E3B7} = {DADCCCC8-BCB0-39A6-AF36-7B2778339644}
		{FF83BF28-345E-375F-8F77-E38FC02ED978} = {DADCCCC8-BCB0-39A6-AF36-7B2778339644}
		{B7F9E050-0323-376A-B022-7AB6CBBA5F6C} = {DADCCCC8-BCB0-39A6-AF36-7B2778339644}
	EndGlobalSection
	GlobalSection(ExtensibilityGlobals) = postSolution
		SolutionGuid = {37BFD6D8-2267-3577-A502-6632BAE05B64}
	EndGlobalSection
	GlobalSection(ExtensibilityAddIns) = postSolution
	EndGlobalSection
EndGlobal
