
Microsoft Visual Studio Solution File, Format Version 12.00
# Visual Studio Version 17
Project("{8BC9CEB8-8B4A-11D0-8D11-00A0C91BC942}") = "ALL_BUILD", "ALL_BUILD.vcxproj", "{4195151F-8DAD-3E1F-B85B-C00D90F640C2}"
	ProjectSection(ProjectDependencies) = postProject
		{16C9CEAB-8CED-396B-AEC3-0CA65DF02850} = {16C9CEAB-8CED-396B-AEC3-0CA65DF02850}
		{E29DE2A5-1DD8-35C9-8BBD-AF4451121AAC} = {E29DE2A5-1DD8-35C9-8BBD-AF4451121AAC}
		{BA7E68FE-0AC7-30AA-8C64-734FC1237DA7} = {BA7E68FE-0AC7-30AA-8C64-734FC1237DA7}
		{EC5C9EA5-B8AD-31E7-B3D3-3D6BC4DCBAFD} = {EC5C9EA5-B8AD-31E7-B3D3-3D6BC4DCBAFD}
		{FF5C60E7-4FFE-31AC-A403-89E005448DFB} = {FF5C60E7-4FFE-31AC-A403-89E005448DFB}
		{715A2CF0-DE0D-3DCC-8390-3F6926F2D832} = {715A2CF0-DE0D-3DCC-8390-3F6926F2D832}
		{D09CFC79-CDB3-3C71-BEB4-00B86F1DE0B3} = {D09CFC79-CDB3-3C71-BEB4-00B86F1DE0B3}
		{EB1404E6-1F81-3148-B117-2FAB7910B6A4} = {EB1404E6-1F81-3148-B117-2FAB7910B6A4}
		{5D089207-B8F6-37B6-BB22-5CFD8AB71A17} = {5D089207-B8F6-37B6-BB22-5CFD8AB71A17}
	EndProjectSection
EndProject
Project("{8BC9CEB8-8B4A-11D0-8D11-00A0C91BC942}") = "INSTALL", "INSTALL.vcxproj", "{581B55DA-2F88-3013-9482-BAB779336544}"
	ProjectSection(ProjectDependencies) = postProject
		{4195151F-8DAD-3E1F-B85B-C00D90F640C2} = {4195151F-8DAD-3E1F-B85B-C00D90F640C2}
		{16C9CEAB-8CED-396B-AEC3-0CA65DF02850} = {16C9CEAB-8CED-396B-AEC3-0CA65DF02850}
	EndProjectSection
EndProject
Project("{8BC9CEB8-8B4A-11D0-8D11-00A0C91BC942}") = "PACKAGE", "PACKAGE.vcxproj", "{5C1B2389-5944-38BC-803B-2FF5E2200C54}"
	ProjectSection(ProjectDependencies) = postProject
		{4195151F-8DAD-3E1F-B85B-C00D90F640C2} = {4195151F-8DAD-3E1F-B85B-C00D90F640C2}
		{16C9CEAB-8CED-396B-AEC3-0CA65DF02850} = {16C9CEAB-8CED-396B-AEC3-0CA65DF02850}
	EndProjectSection
EndProject
Project("{8BC9CEB8-8B4A-11D0-8D11-00A0C91BC942}") = "RUN_TESTS", "RUN_TESTS.vcxproj", "{290193A4-0DB3-3739-8B6B-3A48F2074EC7}"
	ProjectSection(ProjectDependencies) = postProject
		{16C9CEAB-8CED-396B-AEC3-0CA65DF02850} = {16C9CEAB-8CED-396B-AEC3-0CA65DF02850}
	EndProjectSection
EndProject
Project("{8BC9CEB8-8B4A-11D0-8D11-00A0C91BC942}") = "ZERO_CHECK", "..\ZERO_CHECK.vcxproj", "{16C9CEAB-8CED-396B-AEC3-0CA65DF02850}"
	ProjectSection(ProjectDependencies) = postProject
	EndProjectSection
EndProject
Project("{8BC9CEB8-8B4A-11D0-8D11-00A0C91BC942}") = "minigzip", "..\_deps\opennn_zlib-build\test\minigzip.vcxproj", "{E29DE2A5-1DD8-35C9-8BBD-AF4451121AAC}"
	ProjectSection(ProjectDependencies) = postProject
		{16C9CEAB-8CED-396B-AEC3-0CA65DF02850} = {16C9CEAB-8CED-396B-AEC3-0CA65DF02850}
		{715A2CF0-DE0D-3DCC-8390-3F6926F2D832} = {715A2CF0-DE0D-3DCC-8390-3F6926F2D832}
	EndProjectSection
EndProject
Project("{8BC9CEB8-8B4A-11D0-8D11-00A0C91BC942}") = "opennn", "opennn.vcxproj", "{BA7E68FE-0AC7-30AA-8C64-734FC1237DA7}"
	ProjectSection(ProjectDependencies) = postProject
		{16C9CEAB-8CED-396B-AEC3-0CA65DF02850} = {16C9CEAB-8CED-396B-AEC3-0CA65DF02850}
		{EC5C9EA5-B8AD-31E7-B3D3-3D6BC4DCBAFD} = {EC5C9EA5-B8AD-31E7-B3D3-3D6BC4DCBAFD}
		{5D089207-B8F6-37B6-BB22-5CFD8AB71A17} = {5D089207-B8F6-37B6-BB22-5CFD8AB71A17}
	EndProjectSection
EndProject
Project("{8BC9CEB8-8B4A-11D0-8D11-00A0C91BC942}") = "opennn_libjpeg_turbo_ep", "opennn_libjpeg_turbo_ep.vcxproj", "{EC5C9EA5-B8AD-31E7-B3D3-3D6BC4DCBAFD}"
	ProjectSection(ProjectDependencies) = postProject
		{16C9CEAB-8CED-396B-AEC3-0CA65DF02850} = {16C9CEAB-8CED-396B-AEC3-0CA65DF02850}
	EndProjectSection
EndProject
Project("{8BC9CEB8-8B4A-11D0-8D11-00A0C91BC942}") = "static_minigzip", "..\_deps\opennn_zlib-build\test\static_minigzip.vcxproj", "{FF5C60E7-4FFE-31AC-A403-89E005448DFB}"
	ProjectSection(ProjectDependencies) = postProject
		{16C9CEAB-8CED-396B-AEC3-0CA65DF02850} = {16C9CEAB-8CED-396B-AEC3-0CA65DF02850}
		{5D089207-B8F6-37B6-BB22-5CFD8AB71A17} = {5D089207-B8F6-37B6-BB22-5CFD8AB71A17}
	EndProjectSection
EndProject
Project("{8BC9CEB8-8B4A-11D0-8D11-00A0C91BC942}") = "zlib", "..\_deps\opennn_zlib-build\zlib.vcxproj", "{715A2CF0-DE0D-3DCC-8390-3F6926F2D832}"
	ProjectSection(ProjectDependencies) = postProject
		{16C9CEAB-8CED-396B-AEC3-0CA65DF02850} = {16C9CEAB-8CED-396B-AEC3-0CA65DF02850}
	EndProjectSection
EndProject
Project("{8BC9CEB8-8B4A-11D0-8D11-00A0C91BC942}") = "zlib_example", "..\_deps\opennn_zlib-build\test\zlib_example.vcxproj", "{D09CFC79-CDB3-3C71-BEB4-00B86F1DE0B3}"
	ProjectSection(ProjectDependencies) = postProject
		{16C9CEAB-8CED-396B-AEC3-0CA65DF02850} = {16C9CEAB-8CED-396B-AEC3-0CA65DF02850}
		{715A2CF0-DE0D-3DCC-8390-3F6926F2D832} = {715A2CF0-DE0D-3DCC-8390-3F6926F2D832}
	EndProjectSection
EndProject
Project("{8BC9CEB8-8B4A-11D0-8D11-00A0C91BC942}") = "zlib_static_example", "..\_deps\opennn_zlib-build\test\zlib_static_example.vcxproj", "{EB1404E6-1F81-3148-B117-2FAB7910B6A4}"
	ProjectSection(ProjectDependencies) = postProject
		{16C9CEAB-8CED-396B-AEC3-0CA65DF02850} = {16C9CEAB-8CED-396B-AEC3-0CA65DF02850}
		{5D089207-B8F6-37B6-BB22-5CFD8AB71A17} = {5D089207-B8F6-37B6-BB22-5CFD8AB71A17}
	EndProjectSection
EndProject
Project("{8BC9CEB8-8B4A-11D0-8D11-00A0C91BC942}") = "zlibstatic", "..\_deps\opennn_zlib-build\zlibstatic.vcxproj", "{5D089207-B8F6-37B6-BB22-5CFD8AB71A17}"
	ProjectSection(ProjectDependencies) = postProject
		{16C9CEAB-8CED-396B-AEC3-0CA65DF02850} = {16C9CEAB-8CED-396B-AEC3-0CA65DF02850}
	EndProjectSection
EndProject
Global
	GlobalSection(SolutionConfigurationPlatforms) = preSolution
		Debug|x64 = Debug|x64
		Release|x64 = Release|x64
		MinSizeRel|x64 = MinSizeRel|x64
		RelWithDebInfo|x64 = RelWithDebInfo|x64
	EndGlobalSection
	GlobalSection(ProjectConfigurationPlatforms) = postSolution
		{4195151F-8DAD-3E1F-B85B-C00D90F640C2}.Debug|x64.ActiveCfg = Debug|x64
		{4195151F-8DAD-3E1F-B85B-C00D90F640C2}.Debug|x64.Build.0 = Debug|x64
		{4195151F-8DAD-3E1F-B85B-C00D90F640C2}.Release|x64.ActiveCfg = Release|x64
		{4195151F-8DAD-3E1F-B85B-C00D90F640C2}.Release|x64.Build.0 = Release|x64
		{4195151F-8DAD-3E1F-B85B-C00D90F640C2}.MinSizeRel|x64.ActiveCfg = MinSizeRel|x64
		{4195151F-8DAD-3E1F-B85B-C00D90F640C2}.MinSizeRel|x64.Build.0 = MinSizeRel|x64
		{4195151F-8DAD-3E1F-B85B-C00D90F640C2}.RelWithDebInfo|x64.ActiveCfg = RelWithDebInfo|x64
		{4195151F-8DAD-3E1F-B85B-C00D90F640C2}.RelWithDebInfo|x64.Build.0 = RelWithDebInfo|x64
		{581B55DA-2F88-3013-9482-BAB779336544}.Debug|x64.ActiveCfg = Debug|x64
		{581B55DA-2F88-3013-9482-BAB779336544}.Release|x64.ActiveCfg = Release|x64
		{581B55DA-2F88-3013-9482-BAB779336544}.MinSizeRel|x64.ActiveCfg = MinSizeRel|x64
		{581B55DA-2F88-3013-9482-BAB779336544}.RelWithDebInfo|x64.ActiveCfg = RelWithDebInfo|x64
		{5C1B2389-5944-38BC-803B-2FF5E2200C54}.Debug|x64.ActiveCfg = Debug|x64
		{5C1B2389-5944-38BC-803B-2FF5E2200C54}.Release|x64.ActiveCfg = Release|x64
		{5C1B2389-5944-38BC-803B-2FF5E2200C54}.MinSizeRel|x64.ActiveCfg = MinSizeRel|x64
		{5C1B2389-5944-38BC-803B-2FF5E2200C54}.RelWithDebInfo|x64.ActiveCfg = RelWithDebInfo|x64
		{290193A4-0DB3-3739-8B6B-3A48F2074EC7}.Debug|x64.ActiveCfg = Debug|x64
		{290193A4-0DB3-3739-8B6B-3A48F2074EC7}.Release|x64.ActiveCfg = Release|x64
		{290193A4-0DB3-3739-8B6B-3A48F2074EC7}.MinSizeRel|x64.ActiveCfg = MinSizeRel|x64
		{290193A4-0DB3-3739-8B6B-3A48F2074EC7}.RelWithDebInfo|x64.ActiveCfg = RelWithDebInfo|x64
		{16C9CEAB-8CED-396B-AEC3-0CA65DF02850}.Debug|x64.ActiveCfg = Debug|x64
		{16C9CEAB-8CED-396B-AEC3-0CA65DF02850}.Debug|x64.Build.0 = Debug|x64
		{16C9CEAB-8CED-396B-AEC3-0CA65DF02850}.Release|x64.ActiveCfg = Release|x64
		{16C9CEAB-8CED-396B-AEC3-0CA65DF02850}.Release|x64.Build.0 = Release|x64
		{16C9CEAB-8CED-396B-AEC3-0CA65DF02850}.MinSizeRel|x64.ActiveCfg = MinSizeRel|x64
		{16C9CEAB-8CED-396B-AEC3-0CA65DF02850}.MinSizeRel|x64.Build.0 = MinSizeRel|x64
		{16C9CEAB-8CED-396B-AEC3-0CA65DF02850}.RelWithDebInfo|x64.ActiveCfg = RelWithDebInfo|x64
		{16C9CEAB-8CED-396B-AEC3-0CA65DF02850}.RelWithDebInfo|x64.Build.0 = RelWithDebInfo|x64
		{E29DE2A5-1DD8-35C9-8BBD-AF4451121AAC}.Debug|x64.ActiveCfg = Debug|x64
		{E29DE2A5-1DD8-35C9-8BBD-AF4451121AAC}.Debug|x64.Build.0 = Debug|x64
		{E29DE2A5-1DD8-35C9-8BBD-AF4451121AAC}.Release|x64.ActiveCfg = Release|x64
		{E29DE2A5-1DD8-35C9-8BBD-AF4451121AAC}.Release|x64.Build.0 = Release|x64
		{E29DE2A5-1DD8-35C9-8BBD-AF4451121AAC}.MinSizeRel|x64.ActiveCfg = MinSizeRel|x64
		{E29DE2A5-1DD8-35C9-8BBD-AF4451121AAC}.MinSizeRel|x64.Build.0 = MinSizeRel|x64
		{E29DE2A5-1DD8-35C9-8BBD-AF4451121AAC}.RelWithDebInfo|x64.ActiveCfg = RelWithDebInfo|x64
		{E29DE2A5-1DD8-35C9-8BBD-AF4451121AAC}.RelWithDebInfo|x64.Build.0 = RelWithDebInfo|x64
		{BA7E68FE-0AC7-30AA-8C64-734FC1237DA7}.Debug|x64.ActiveCfg = Debug|x64
		{BA7E68FE-0AC7-30AA-8C64-734FC1237DA7}.Debug|x64.Build.0 = Debug|x64
		{BA7E68FE-0AC7-30AA-8C64-734FC1237DA7}.Release|x64.ActiveCfg = Release|x64
		{BA7E68FE-0AC7-30AA-8C64-734FC1237DA7}.Release|x64.Build.0 = Release|x64
		{BA7E68FE-0AC7-30AA-8C64-734FC1237DA7}.MinSizeRel|x64.ActiveCfg = MinSizeRel|x64
		{BA7E68FE-0AC7-30AA-8C64-734FC1237DA7}.MinSizeRel|x64.Build.0 = MinSizeRel|x64
		{BA7E68FE-0AC7-30AA-8C64-734FC1237DA7}.RelWithDebInfo|x64.ActiveCfg = RelWithDebInfo|x64
		{BA7E68FE-0AC7-30AA-8C64-734FC1237DA7}.RelWithDebInfo|x64.Build.0 = RelWithDebInfo|x64
		{EC5C9EA5-B8AD-31E7-B3D3-3D6BC4DCBAFD}.Debug|x64.ActiveCfg = Debug|x64
		{EC5C9EA5-B8AD-31E7-B3D3-3D6BC4DCBAFD}.Debug|x64.Build.0 = Debug|x64
		{EC5C9EA5-B8AD-31E7-B3D3-3D6BC4DCBAFD}.Release|x64.ActiveCfg = Release|x64
		{EC5C9EA5-B8AD-31E7-B3D3-3D6BC4DCBAFD}.Release|x64.Build.0 = Release|x64
		{EC5C9EA5-B8AD-31E7-B3D3-3D6BC4DCBAFD}.MinSizeRel|x64.ActiveCfg = MinSizeRel|x64
		{EC5C9EA5-B8AD-31E7-B3D3-3D6BC4DCBAFD}.MinSizeRel|x64.Build.0 = MinSizeRel|x64
		{EC5C9EA5-B8AD-31E7-B3D3-3D6BC4DCBAFD}.RelWithDebInfo|x64.ActiveCfg = RelWithDebInfo|x64
		{EC5C9EA5-B8AD-31E7-B3D3-3D6BC4DCBAFD}.RelWithDebInfo|x64.Build.0 = RelWithDebInfo|x64
		{FF5C60E7-4FFE-31AC-A403-89E005448DFB}.Debug|x64.ActiveCfg = Debug|x64
		{FF5C60E7-4FFE-31AC-A403-89E005448DFB}.Debug|x64.Build.0 = Debug|x64
		{FF5C60E7-4FFE-31AC-A403-89E005448DFB}.Release|x64.ActiveCfg = Release|x64
		{FF5C60E7-4FFE-31AC-A403-89E005448DFB}.Release|x64.Build.0 = Release|x64
		{FF5C60E7-4FFE-31AC-A403-89E005448DFB}.MinSizeRel|x64.ActiveCfg = MinSizeRel|x64
		{FF5C60E7-4FFE-31AC-A403-89E005448DFB}.MinSizeRel|x64.Build.0 = MinSizeRel|x64
		{FF5C60E7-4FFE-31AC-A403-89E005448DFB}.RelWithDebInfo|x64.ActiveCfg = RelWithDebInfo|x64
		{FF5C60E7-4FFE-31AC-A403-89E005448DFB}.RelWithDebInfo|x64.Build.0 = RelWithDebInfo|x64
		{715A2CF0-DE0D-3DCC-8390-3F6926F2D832}.Debug|x64.ActiveCfg = Debug|x64
		{715A2CF0-DE0D-3DCC-8390-3F6926F2D832}.Debug|x64.Build.0 = Debug|x64
		{715A2CF0-DE0D-3DCC-8390-3F6926F2D832}.Release|x64.ActiveCfg = Release|x64
		{715A2CF0-DE0D-3DCC-8390-3F6926F2D832}.Release|x64.Build.0 = Release|x64
		{715A2CF0-DE0D-3DCC-8390-3F6926F2D832}.MinSizeRel|x64.ActiveCfg = MinSizeRel|x64
		{715A2CF0-DE0D-3DCC-8390-3F6926F2D832}.MinSizeRel|x64.Build.0 = MinSizeRel|x64
		{715A2CF0-DE0D-3DCC-8390-3F6926F2D832}.RelWithDebInfo|x64.ActiveCfg = RelWithDebInfo|x64
		{715A2CF0-DE0D-3DCC-8390-3F6926F2D832}.RelWithDebInfo|x64.Build.0 = RelWithDebInfo|x64
		{D09CFC79-CDB3-3C71-BEB4-00B86F1DE0B3}.Debug|x64.ActiveCfg = Debug|x64
		{D09CFC79-CDB3-3C71-BEB4-00B86F1DE0B3}.Debug|x64.Build.0 = Debug|x64
		{D09CFC79-CDB3-3C71-BEB4-00B86F1DE0B3}.Release|x64.ActiveCfg = Release|x64
		{D09CFC79-CDB3-3C71-BEB4-00B86F1DE0B3}.Release|x64.Build.0 = Release|x64
		{D09CFC79-CDB3-3C71-BEB4-00B86F1DE0B3}.MinSizeRel|x64.ActiveCfg = MinSizeRel|x64
		{D09CFC79-CDB3-3C71-BEB4-00B86F1DE0B3}.MinSizeRel|x64.Build.0 = MinSizeRel|x64
		{D09CFC79-CDB3-3C71-BEB4-00B86F1DE0B3}.RelWithDebInfo|x64.ActiveCfg = RelWithDebInfo|x64
		{D09CFC79-CDB3-3C71-BEB4-00B86F1DE0B3}.RelWithDebInfo|x64.Build.0 = RelWithDebInfo|x64
		{EB1404E6-1F81-3148-B117-2FAB7910B6A4}.Debug|x64.ActiveCfg = Debug|x64
		{EB1404E6-1F81-3148-B117-2FAB7910B6A4}.Debug|x64.Build.0 = Debug|x64
		{EB1404E6-1F81-3148-B117-2FAB7910B6A4}.Release|x64.ActiveCfg = Release|x64
		{EB1404E6-1F81-3148-B117-2FAB7910B6A4}.Release|x64.Build.0 = Release|x64
		{EB1404E6-1F81-3148-B117-2FAB7910B6A4}.MinSizeRel|x64.ActiveCfg = MinSizeRel|x64
		{EB1404E6-1F81-3148-B117-2FAB7910B6A4}.MinSizeRel|x64.Build.0 = MinSizeRel|x64
		{EB1404E6-1F81-3148-B117-2FAB7910B6A4}.RelWithDebInfo|x64.ActiveCfg = RelWithDebInfo|x64
		{EB1404E6-1F81-3148-B117-2FAB7910B6A4}.RelWithDebInfo|x64.Build.0 = RelWithDebInfo|x64
		{5D089207-B8F6-37B6-BB22-5CFD8AB71A17}.Debug|x64.ActiveCfg = Debug|x64
		{5D089207-B8F6-37B6-BB22-5CFD8AB71A17}.Debug|x64.Build.0 = Debug|x64
		{5D089207-B8F6-37B6-BB22-5CFD8AB71A17}.Release|x64.ActiveCfg = Release|x64
		{5D089207-B8F6-37B6-BB22-5CFD8AB71A17}.Release|x64.Build.0 = Release|x64
		{5D089207-B8F6-37B6-BB22-5CFD8AB71A17}.MinSizeRel|x64.ActiveCfg = MinSizeRel|x64
		{5D089207-B8F6-37B6-BB22-5CFD8AB71A17}.MinSizeRel|x64.Build.0 = MinSizeRel|x64
		{5D089207-B8F6-37B6-BB22-5CFD8AB71A17}.RelWithDebInfo|x64.ActiveCfg = RelWithDebInfo|x64
		{5D089207-B8F6-37B6-BB22-5CFD8AB71A17}.RelWithDebInfo|x64.Build.0 = RelWithDebInfo|x64
	EndGlobalSection
	GlobalSection(ExtensibilityGlobals) = postSolution
		SolutionGuid = {59DB6F48-263E-3499-A266-2701B6453650}
	EndGlobalSection
	GlobalSection(ExtensibilityAddIns) = postSolution
	EndGlobalSection
EndGlobal
