<?xml version="1.0" encoding="utf-8"?>
<Project xmlns="http://schemas.microsoft.com/developer/msbuild/2003">
  <ItemGroup>
    <Filter Include="Header Files">
      <UniqueIdentifier>{93995380-89BD-4b04-88EB-625FBE52EBFB}</UniqueIdentifier>
      <Extensions>h;hpp;hxx;hm;inl;inc;xsd</Extensions>
    </Filter>
    <Filter Include="Header Files">
      <UniqueIdentifier>{93995380-89BD-4b04-88EB-625FBE52EBFB}</UniqueIdentifier>
      <Extensions>h;hpp;hxx;hm;inl;inc;xsd</Extensions>
    </Filter>
    <Filter Include="Source Files">
      <UniqueIdentifier>{4FC737F1-C7A5-4376-A066-2A32D752A2FF}</UniqueIdentifier>
      <Extensions>cpp;c;cxx;def;odl;idl;hpj;bat;asm;asmx</Extensions>
    </Filter>
    <Filter Include="Source Files">
      <UniqueIdentifier>{4FC737F1-C7A5-4376-A066-2A32D752A2FF}</UniqueIdentifier>
      <Extensions>cpp;c;cxx;def;odl;idl;hpj;bat;asm;asmx</Extensions>
    </Filter>
  </ItemGroup>
  <ItemGroup>
    <ClCompile Include="ant_colony_optimization.cpp">
      <Filter>Source Files</Filter>
    </ClCompile>
    <ClCompile Include="association_rules.cpp">
      <Filter>Source Files</Filter>
    </ClCompile>
    <ClCompile Include="bounding_layer.cpp">
      <Filter>Source Files</Filter>
    </ClCompile>
    <ClCompile Include="conjugate_gradient.cpp">
      <Filter>Source Files</Filter>
    </ClCompile>
    <ClCompile Include="correlation_analysis.cpp">
      <Filter>Source Files</Filter>
    </ClCompile>
    <ClCompile Include="cross_entropy_error.cpp">
      <Filter>Source Files</Filter>
    </ClCompile>
    <ClCompile Include="data_set.cpp">
      <Filter>Source Files</Filter>
    </ClCompile>
    <ClCompile Include="evolutionary_algorithm.cpp">
      <Filter>Source Files</Filter>
    </ClCompile>
    <ClCompile Include="f1_score_optimization_threshold.cpp">
      <Filter>Source Files</Filter>
    </ClCompile>
    <ClCompile Include="file_utilities.cpp">
      <Filter>Source Files</Filter>
    </ClCompile>
    <ClCompile Include="genetic_algorithm.cpp">
      <Filter>Source Files</Filter>
    </ClCompile>
    <ClCompile Include="golden_section_order.cpp">
      <Filter>Source Files</Filter>
    </ClCompile>
    <ClCompile Include="gradient_descent.cpp">
      <Filter>Source Files</Filter>
    </ClCompile>
    <ClCompile Include="growing_inputs.cpp">
      <Filter>Source Files</Filter>
    </ClCompile>
    <ClCompile Include="incremental_order.cpp">
      <Filter>Source Files</Filter>
    </ClCompile>
    <ClCompile Include="inputs.cpp">
      <Filter>Source Files</Filter>
    </ClCompile>
    <ClCompile Include="inputs_selection_algorithm.cpp">
      <Filter>Source Files</Filter>
    </ClCompile>
    <ClCompile Include="inputs_trending_layer.cpp">
      <Filter>Source Files</Filter>
    </ClCompile>
    <ClCompile Include="instances.cpp">
      <Filter>Source Files</Filter>
    </ClCompile>
    <ClCompile Include="k_nearest_neighbors.cpp">
      <Filter>Source Files</Filter>
    </ClCompile>
    <ClCompile Include="kappa_coefficient_optimization_threshold.cpp">
      <Filter>Source Files</Filter>
    </ClCompile>
    <ClCompile Include="levenberg_marquardt_algorithm.cpp">
      <Filter>Source Files</Filter>
    </ClCompile>
    <ClCompile Include="loss_index.cpp">
      <Filter>Source Files</Filter>
    </ClCompile>
    <ClCompile Include="matthew_correlation_optimization_threshold.cpp">
      <Filter>Source Files</Filter>
    </ClCompile>
    <ClCompile Include="mean_squared_error.cpp">
      <Filter>Source Files</Filter>
    </ClCompile>
    <ClCompile Include="minkowski_error.cpp">
      <Filter>Source Files</Filter>
    </ClCompile>
    <ClCompile Include="missing_values.cpp">
      <Filter>Source Files</Filter>
    </ClCompile>
    <ClCompile Include="model_selection.cpp">
      <Filter>Source Files</Filter>
    </ClCompile>
    <ClCompile Include="multilayer_perceptron.cpp">
      <Filter>Source Files</Filter>
    </ClCompile>
    <ClCompile Include="neural_network.cpp">
      <Filter>Source Files</Filter>
    </ClCompile>
    <ClCompile Include="normalized_squared_error.cpp">
      <Filter>Source Files</Filter>
    </ClCompile>
    <ClCompile Include="numerical_differentiation.cpp">
      <Filter>Source Files</Filter>
    </ClCompile>
    <ClCompile Include="order_selection_algorithm.cpp">
      <Filter>Source Files</Filter>
    </ClCompile>
    <ClCompile Include="outputs.cpp">
      <Filter>Source Files</Filter>
    </ClCompile>
    <ClCompile Include="outputs_trending_layer.cpp">
      <Filter>Source Files</Filter>
    </ClCompile>
    <ClCompile Include="perceptron_layer.cpp">
      <Filter>Source Files</Filter>
    </ClCompile>
    <ClCompile Include="principal_components_layer.cpp">
      <Filter>Source Files</Filter>
    </ClCompile>
    <ClCompile Include="probabilistic_layer.cpp">
      <Filter>Source Files</Filter>
    </ClCompile>
    <ClCompile Include="pruning_inputs.cpp">
      <Filter>Source Files</Filter>
    </ClCompile>
    <ClCompile Include="quasi_newton_method.cpp">
      <Filter>Source Files</Filter>
    </ClCompile>
    <ClCompile Include="random_search.cpp">
      <Filter>Source Files</Filter>
    </ClCompile>
    <ClCompile Include="roc_curve_optimization_threshold.cpp">
      <Filter>Source Files</Filter>
    </ClCompile>
    <ClCompile Include="root_mean_squared_error.cpp">
      <Filter>Source Files</Filter>
    </ClCompile>
    <ClCompile Include="scaling_layer.cpp">
      <Filter>Source Files</Filter>
    </ClCompile>
    <ClCompile Include="selective_pruning.cpp">
      <Filter>Source Files</Filter>
    </ClCompile>
    <ClCompile Include="simulated_annealing_order.cpp">
      <Filter>Source Files</Filter>
    </ClCompile>
    <ClCompile Include="sum_squared_error.cpp">
      <Filter>Source Files</Filter>
    </ClCompile>
    <ClCompile Include="testing_analysis.cpp">
      <Filter>Source Files</Filter>
    </ClCompile>
    <ClCompile Include="text_analytics.cpp">
      <Filter>Source Files</Filter>
    </ClCompile>
    <ClCompile Include="threshold_selection_algorithm.cpp">
      <Filter>Source Files</Filter>
    </ClCompile>
    <ClCompile Include="tinyxml2.cpp">
      <Filter>Source Files</Filter>
    </ClCompile>
    <ClCompile Include="training_algorithm.cpp">
      <Filter>Source Files</Filter>
    </ClCompile>
    <ClCompile Include="training_rate_algorithm.cpp">
      <Filter>Source Files</Filter>
    </ClCompile>
    <ClCompile Include="training_strategy.cpp">
      <Filter>Source Files</Filter>
    </ClCompile>
    <ClCompile Include="unscaling_layer.cpp">
      <Filter>Source Files</Filter>
    </ClCompile>
    <ClCompile Include="variables.cpp">
      <Filter>Source Files</Filter>
    </ClCompile>
    <ClCompile Include="weighted_squared_error.cpp">
      <Filter>Source Files</Filter>
    </ClCompile>
    <ClCompile Include="youden_index_optimization_threshold.cpp">
      <Filter>Source Files</Filter>
    </ClCompile>
  </ItemGroup>
  <ItemGroup>
    <ClInclude Include="ant_colony_optimization.h">
      <Filter>Header Files</Filter>
    </ClInclude>
    <ClInclude Include="association_rules.h">
      <Filter>Header Files</Filter>
    </ClInclude>
    <ClInclude Include="bounding_layer.h">
      <Filter>Header Files</Filter>
    </ClInclude>
    <ClInclude Include="conjugate_gradient.h">
      <Filter>Header Files</Filter>
    </ClInclude>
    <ClInclude Include="correlation_analysis.h">
      <Filter>Header Files</Filter>
    </ClInclude>
    <ClInclude Include="cross_entropy_error.h">
      <Filter>Header Files</Filter>
    </ClInclude>
    <ClInclude Include="data_set.h">
      <Filter>Header Files</Filter>
    </ClInclude>
    <ClInclude Include="evolutionary_algorithm.h">
      <Filter>Header Files</Filter>
    </ClInclude>
    <ClInclude Include="f1_score_optimization_threshold.h">
      <Filter>Header Files</Filter>
    </ClInclude>
    <ClInclude Include="file_utilities.h">
      <Filter>Header Files</Filter>
    </ClInclude>
    <ClInclude Include="genetic_algorithm.h">
      <Filter>Header Files</Filter>
    </ClInclude>
    <ClInclude Include="golden_section_order.h">
      <Filter>Header Files</Filter>
    </ClInclude>
    <ClInclude Include="gradient_descent.h">
      <Filter>Header Files</Filter>
    </ClInclude>
    <ClInclude Include="growing_inputs.h">
      <Filter>Header Files</Filter>
    </ClInclude>
    <ClInclude Include="incremental_order.h">
      <Filter>Header Files</Filter>
    </ClInclude>
    <ClInclude Include="inputs.h">
      <Filter>Header Files</Filter>
    </ClInclude>
    <ClInclude Include="inputs_selection_algorithm.h">
      <Filter>Header Files</Filter>
    </ClInclude>
    <ClInclude Include="inputs_trending_layer.h">
      <Filter>Header Files</Filter>
    </ClInclude>
    <ClInclude Include="instances.h">
      <Filter>Header Files</Filter>
    </ClInclude>
    <ClInclude Include="k_nearest_neighbors.h">
      <Filter>Header Files</Filter>
    </ClInclude>
    <ClInclude Include="kappa_coefficient_optimization_threshold.h">
      <Filter>Header Files</Filter>
    </ClInclude>
    <ClInclude Include="levenberg_marquardt_algorithm.h">
      <Filter>Header Files</Filter>
    </ClInclude>
    <ClInclude Include="loss_index.h">
      <Filter>Header Files</Filter>
    </ClInclude>
    <ClInclude Include="matrix.h">
      <Filter>Header Files</Filter>
    </ClInclude>
    <ClInclude Include="matthew_correlation_optimization_threshold.h">
      <Filter>Header Files</Filter>
    </ClInclude>
    <ClInclude Include="mean_squared_error.h">
      <Filter>Header Files</Filter>
    </ClInclude>
    <ClInclude Include="minkowski_error.h">
      <Filter>Header Files</Filter>
    </ClInclude>
    <ClInclude Include="missing_values.h">
      <Filter>Header Files</Filter>
    </ClInclude>
    <ClInclude Include="model_selection.h">
      <Filter>Header Files</Filter>
    </ClInclude>
    <ClInclude Include="multilayer_perceptron.h">
      <Filter>Header Files</Filter>
    </ClInclude>
    <ClInclude Include="neural_network.h">
      <Filter>Header Files</Filter>
    </ClInclude>
    <ClInclude Include="normalized_squared_error.h">
      <Filter>Header Files</Filter>
    </ClInclude>
    <ClInclude Include="numerical_differentiation.h">
      <Filter>Header Files</Filter>
    </ClInclude>
    <ClInclude Include="opennn.h">
      <Filter>Header Files</Filter>
    </ClInclude>
    <ClInclude Include="order_selection_algorithm.h">
      <Filter>Header Files</Filter>
    </ClInclude>
    <ClInclude Include="outputs.h">
      <Filter>Header Files</Filter>
    </ClInclude>
    <ClInclude Include="outputs_trending_layer.h">
      <Filter>Header Files</Filter>
    </ClInclude>
    <ClInclude Include="perceptron_layer.h">
      <Filter>Header Files</Filter>
    </ClInclude>
    <ClInclude Include="principal_components_layer.h">
      <Filter>Header Files</Filter>
    </ClInclude>
    <ClInclude Include="probabilistic_layer.h">
      <Filter>Header Files</Filter>
    </ClInclude>
    <ClInclude Include="pruning_inputs.h">
      <Filter>Header Files</Filter>
    </ClInclude>
    <ClInclude Include="quasi_newton_method.h">
      <Filter>Header Files</Filter>
    </ClInclude>
    <ClInclude Include="random_search.h">
      <Filter>Header Files</Filter>
    </ClInclude>
    <ClInclude Include="roc_curve_optimization_threshold.h">
      <Filter>Header Files</Filter>
    </ClInclude>
    <ClInclude Include="root_mean_squared_error.h">
      <Filter>Header Files</Filter>
    </ClInclude>
    <ClInclude Include="scaling_layer.h">
      <Filter>Header Files</Filter>
    </ClInclude>
    <ClInclude Include="selective_pruning.h">
      <Filter>Header Files</Filter>
    </ClInclude>
    <ClInclude Include="simulated_annealing_order.h">
      <Filter>Header Files</Filter>
    </ClInclude>
    <ClInclude Include="sparse_matrix.h">
      <Filter>Header Files</Filter>
    </ClInclude>
    <ClInclude Include="sum_squared_error.h">
      <Filter>Header Files</Filter>
    </ClInclude>
    <ClInclude Include="testing_analysis.h">
      <Filter>Header Files</Filter>
    </ClInclude>
    <ClInclude Include="text_analytics.h">
      <Filter>Header Files</Filter>
    </ClInclude>
    <ClInclude Include="threshold_selection_algorithm.h">
      <Filter>Header Files</Filter>
    </ClInclude>
    <ClInclude Include="tinyxml2.h">
      <Filter>Header Files</Filter>
    </ClInclude>
    <ClInclude Include="training_algorithm.h">
      <Filter>Header Files</Filter>
    </ClInclude>
    <ClInclude Include="training_rate_algorithm.h">
      <Filter>Header Files</Filter>
    </ClInclude>
    <ClInclude Include="training_strategy.h">
      <Filter>Header Files</Filter>
    </ClInclude>
    <ClInclude Include="unscaling_layer.h">
      <Filter>Header Files</Filter>
    </ClInclude>
    <ClInclude Include="variables.h">
      <Filter>Header Files</Filter>
    </ClInclude>
    <ClInclude Include="vector.h">
      <Filter>Header Files</Filter>
    </ClInclude>
    <ClInclude Include="weighted_squared_error.h">
      <Filter>Header Files</Filter>
    </ClInclude>
    <ClInclude Include="youden_index_optimization_threshold.h">
      <Filter>Header Files</Filter>
    </ClInclude>
  </ItemGroup>
</Project>