
Microsoft Visual Studio Solution File, Format Version 12.00
# Visual Studio Version 17
Project("{2150E333-8FDC-42A3-9474-1A3956D46DE8}") = "CMakePredefinedTargets", "CMakePredefinedTargets", "{392A2FAF-AC66-324D-8554-F27176AD2F4C}"
EndProject
Project("{8BC9CEB8-8B4A-11D0-8D11-00A0C91BC942}") = "ALL_BUILD", "ALL_BUILD.vcxproj", "{5D05D16F-B091-3B7C-874B-2AE8392D55E0}"
	ProjectSection(ProjectDependencies) = postProject
		{9BBE66D2-B4BF-3E09-BD4E-6A54050F3FA3} = {9BBE66D2-B4BF-3E09-BD4E-6A54050F3FA3}
		{A98B106E-53EF-30DE-8E6F-3C2B7D5549B7} = {A98B106E-53EF-30DE-8E6F-3C2B7D5549B7}
		{83A6D5EC-8708-3A65-BB3E-6C7540883BFC} = {83A6D5EC-8708-3A65-BB3E-6C7540883BFC}
		{60C73836-134B-3F88-A806-14A9241CBB2D} = {60C73836-134B-3F88-A806-14A9241CBB2D}
		{23A149F7-3A65-3959-89F2-0920BC81F5DE} = {23A149F7-3A65-3959-89F2-0920BC81F5DE}
		{37B60CFD-D29A-36B7-99F1-81E077CC4564} = {37B60CFD-D29A-36B7-99F1-81E077CC4564}
		{CEE98BBC-0B20-3B06-A7A5-F9F3BCABEDA2} = {CEE98BBC-0B20-3B06-A7A5-F9F3BCABEDA2}
	EndProjectSection
EndProject
Project("{8BC9CEB8-8B4A-11D0-8D11-00A0C91BC942}") = "INSTALL", "INSTALL.vcxproj", "{C379C37D-CAA6-3A79-8309-554BF36C96F1}"
	ProjectSection(ProjectDependencies) = postProject
		{5D05D16F-B091-3B7C-874B-2AE8392D55E0} = {5D05D16F-B091-3B7C-874B-2AE8392D55E0}
		{9BBE66D2-B4BF-3E09-BD4E-6A54050F3FA3} = {9BBE66D2-B4BF-3E09-BD4E-6A54050F3FA3}
	EndProjectSection
EndProject
Project("{8BC9CEB8-8B4A-11D0-8D11-00A0C91BC942}") = "ZERO_CHECK", "ZERO_CHECK.vcxproj", "{9BBE66D2-B4BF-3E09-BD4E-6A54050F3FA3}"
	ProjectSection(ProjectDependencies) = postProject
	EndProjectSection
EndProject
Project("{8BC9CEB8-8B4A-11D0-8D11-00A0C91BC942}") = "cjpeg-static", "cjpeg-static.vcxproj", "{A98B106E-53EF-30DE-8E6F-3C2B7D5549B7}"
	ProjectSection(ProjectDependencies) = postProject
		{9BBE66D2-B4BF-3E09-BD4E-6A54050F3FA3} = {9BBE66D2-B4BF-3E09-BD4E-6A54050F3FA3}
		{60C73836-134B-3F88-A806-14A9241CBB2D} = {60C73836-134B-3F88-A806-14A9241CBB2D}
	EndProjectSection
EndProject
Project("{8BC9CEB8-8B4A-11D0-8D11-00A0C91BC942}") = "dist", "dist.vcxproj", "{E8DBF512-7E58-3E04-A28C-DA662E798707}"
	ProjectSection(ProjectDependencies) = postProject
		{9BBE66D2-B4BF-3E09-BD4E-6A54050F3FA3} = {9BBE66D2-B4BF-3E09-BD4E-6A54050F3FA3}
	EndProjectSection
EndProject
Project("{8BC9CEB8-8B4A-11D0-8D11-00A0C91BC942}") = "djpeg-static", "djpeg-static.vcxproj", "{83A6D5EC-8708-3A65-BB3E-6C7540883BFC}"
	ProjectSection(ProjectDependencies) = postProject
		{9BBE66D2-B4BF-3E09-BD4E-6A54050F3FA3} = {9BBE66D2-B4BF-3E09-BD4E-6A54050F3FA3}
		{60C73836-134B-3F88-A806-14A9241CBB2D} = {60C73836-134B-3F88-A806-14A9241CBB2D}
	EndProjectSection
EndProject
Project("{8BC9CEB8-8B4A-11D0-8D11-00A0C91BC942}") = "installer", "installer.vcxproj", "{004C75E7-F33D-3C3C-88C0-5476A8749D2C}"
	ProjectSection(ProjectDependencies) = postProject
		{9BBE66D2-B4BF-3E09-BD4E-6A54050F3FA3} = {9BBE66D2-B4BF-3E09-BD4E-6A54050F3FA3}
		{60C73836-134B-3F88-A806-14A9241CBB2D} = {60C73836-134B-3F88-A806-14A9241CBB2D}
		{37B60CFD-D29A-36B7-99F1-81E077CC4564} = {37B60CFD-D29A-36B7-99F1-81E077CC4564}
		{CEE98BBC-0B20-3B06-A7A5-F9F3BCABEDA2} = {CEE98BBC-0B20-3B06-A7A5-F9F3BCABEDA2}
	EndProjectSection
EndProject
Project("{8BC9CEB8-8B4A-11D0-8D11-00A0C91BC942}") = "jpeg-static", "jpeg-static.vcxproj", "{60C73836-134B-3F88-A806-14A9241CBB2D}"
	ProjectSection(ProjectDependencies) = postProject
		{9BBE66D2-B4BF-3E09-BD4E-6A54050F3FA3} = {9BBE66D2-B4BF-3E09-BD4E-6A54050F3FA3}
	EndProjectSection
EndProject
Project("{8BC9CEB8-8B4A-11D0-8D11-00A0C91BC942}") = "jpegtran-static", "jpegtran-static.vcxproj", "{23A149F7-3A65-3959-89F2-0920BC81F5DE}"
	ProjectSection(ProjectDependencies) = postProject
		{9BBE66D2-B4BF-3E09-BD4E-6A54050F3FA3} = {9BBE66D2-B4BF-3E09-BD4E-6A54050F3FA3}
		{60C73836-134B-3F88-A806-14A9241CBB2D} = {60C73836-134B-3F88-A806-14A9241CBB2D}
	EndProjectSection
EndProject
Project("{8BC9CEB8-8B4A-11D0-8D11-00A0C91BC942}") = "rdjpgcom", "rdjpgcom.vcxproj", "{37B60CFD-D29A-36B7-99F1-81E077CC4564}"
	ProjectSection(ProjectDependencies) = postProject
		{9BBE66D2-B4BF-3E09-BD4E-6A54050F3FA3} = {9BBE66D2-B4BF-3E09-BD4E-6A54050F3FA3}
	EndProjectSection
EndProject
Project("{8BC9CEB8-8B4A-11D0-8D11-00A0C91BC942}") = "tarball", "tarball.vcxproj", "{84133764-247D-35EF-81C7-7DB60F204B0A}"
	ProjectSection(ProjectDependencies) = postProject
		{9BBE66D2-B4BF-3E09-BD4E-6A54050F3FA3} = {9BBE66D2-B4BF-3E09-BD4E-6A54050F3FA3}
	EndProjectSection
EndProject
Project("{8BC9CEB8-8B4A-11D0-8D11-00A0C91BC942}") = "uninstall", "uninstall.vcxproj", "{8D4CD1EE-B94E-3795-8FEB-2C0276B20C9B}"
	ProjectSection(ProjectDependencies) = postProject
		{9BBE66D2-B4BF-3E09-BD4E-6A54050F3FA3} = {9BBE66D2-B4BF-3E09-BD4E-6A54050F3FA3}
	EndProjectSection
EndProject
Project("{8BC9CEB8-8B4A-11D0-8D11-00A0C91BC942}") = "wrappers", "wrappers.vcxproj", "{737D1DC9-2ADE-3228-8FEF-15B99858E6E4}"
	ProjectSection(ProjectDependencies) = postProject
		{9BBE66D2-B4BF-3E09-BD4E-6A54050F3FA3} = {9BBE66D2-B4BF-3E09-BD4E-6A54050F3FA3}
	EndProjectSection
EndProject
Project("{8BC9CEB8-8B4A-11D0-8D11-00A0C91BC942}") = "wrjpgcom", "wrjpgcom.vcxproj", "{CEE98BBC-0B20-3B06-A7A5-F9F3BCABEDA2}"
	ProjectSection(ProjectDependencies) = postProject
		{9BBE66D2-B4BF-3E09-BD4E-6A54050F3FA3} = {9BBE66D2-B4BF-3E09-BD4E-6A54050F3FA3}
	EndProjectSection
EndProject
Global
	GlobalSection(SolutionConfigurationPlatforms) = preSolution
		Debug|x64 = Debug|x64
		Release|x64 = Release|x64
		MinSizeRel|x64 = MinSizeRel|x64
		RelWithDebInfo|x64 = RelWithDebInfo|x64
	EndGlobalSection
	GlobalSection(ProjectConfigurationPlatforms) = postSolution
		{5D05D16F-B091-3B7C-874B-2AE8392D55E0}.Debug|x64.ActiveCfg = Debug|x64
		{5D05D16F-B091-3B7C-874B-2AE8392D55E0}.Debug|x64.Build.0 = Debug|x64
		{5D05D16F-B091-3B7C-874B-2AE8392D55E0}.Release|x64.ActiveCfg = Release|x64
		{5D05D16F-B091-3B7C-874B-2AE8392D55E0}.Release|x64.Build.0 = Release|x64
		{5D05D16F-B091-3B7C-874B-2AE8392D55E0}.MinSizeRel|x64.ActiveCfg = MinSizeRel|x64
		{5D05D16F-B091-3B7C-874B-2AE8392D55E0}.MinSizeRel|x64.Build.0 = MinSizeRel|x64
		{5D05D16F-B091-3B7C-874B-2AE8392D55E0}.RelWithDebInfo|x64.ActiveCfg = RelWithDebInfo|x64
		{5D05D16F-B091-3B7C-874B-2AE8392D55E0}.RelWithDebInfo|x64.Build.0 = RelWithDebInfo|x64
		{C379C37D-CAA6-3A79-8309-554BF36C96F1}.Debug|x64.ActiveCfg = Debug|x64
		{C379C37D-CAA6-3A79-8309-554BF36C96F1}.Release|x64.ActiveCfg = Release|x64
		{C379C37D-CAA6-3A79-8309-554BF36C96F1}.MinSizeRel|x64.ActiveCfg = MinSizeRel|x64
		{C379C37D-CAA6-3A79-8309-554BF36C96F1}.RelWithDebInfo|x64.ActiveCfg = RelWithDebInfo|x64
		{9BBE66D2-B4BF-3E09-BD4E-6A54050F3FA3}.Debug|x64.ActiveCfg = Debug|x64
		{9BBE66D2-B4BF-3E09-BD4E-6A54050F3FA3}.Debug|x64.Build.0 = Debug|x64
		{9BBE66D2-B4BF-3E09-BD4E-6A54050F3FA3}.Release|x64.ActiveCfg = Release|x64
		{9BBE66D2-B4BF-3E09-BD4E-6A54050F3FA3}.Release|x64.Build.0 = Release|x64
		{9BBE66D2-B4BF-3E09-BD4E-6A54050F3FA3}.MinSizeRel|x64.ActiveCfg = MinSizeRel|x64
		{9BBE66D2-B4BF-3E09-BD4E-6A54050F3FA3}.MinSizeRel|x64.Build.0 = MinSizeRel|x64
		{9BBE66D2-B4BF-3E09-BD4E-6A54050F3FA3}.RelWithDebInfo|x64.ActiveCfg = RelWithDebInfo|x64
		{9BBE66D2-B4BF-3E09-BD4E-6A54050F3FA3}.RelWithDebInfo|x64.Build.0 = RelWithDebInfo|x64
		{A98B106E-53EF-30DE-8E6F-3C2B7D5549B7}.Debug|x64.ActiveCfg = Debug|x64
		{A98B106E-53EF-30DE-8E6F-3C2B7D5549B7}.Debug|x64.Build.0 = Debug|x64
		{A98B106E-53EF-30DE-8E6F-3C2B7D5549B7}.Release|x64.ActiveCfg = Release|x64
		{A98B106E-53EF-30DE-8E6F-3C2B7D5549B7}.Release|x64.Build.0 = Release|x64
		{A98B106E-53EF-30DE-8E6F-3C2B7D5549B7}.MinSizeRel|x64.ActiveCfg = MinSizeRel|x64
		{A98B106E-53EF-30DE-8E6F-3C2B7D5549B7}.MinSizeRel|x64.Build.0 = MinSizeRel|x64
		{A98B106E-53EF-30DE-8E6F-3C2B7D5549B7}.RelWithDebInfo|x64.ActiveCfg = RelWithDebInfo|x64
		{A98B106E-53EF-30DE-8E6F-3C2B7D5549B7}.RelWithDebInfo|x64.Build.0 = RelWithDebInfo|x64
		{E8DBF512-7E58-3E04-A28C-DA662E798707}.Debug|x64.ActiveCfg = Debug|x64
		{E8DBF512-7E58-3E04-A28C-DA662E798707}.Release|x64.ActiveCfg = Release|x64
		{E8DBF512-7E58-3E04-A28C-DA662E798707}.MinSizeRel|x64.ActiveCfg = MinSizeRel|x64
		{E8DBF512-7E58-3E04-A28C-DA662E798707}.RelWithDebInfo|x64.ActiveCfg = RelWithDebInfo|x64
		{83A6D5EC-8708-3A65-BB3E-6C7540883BFC}.Debug|x64.ActiveCfg = Debug|x64
		{83A6D5EC-8708-3A65-BB3E-6C7540883BFC}.Debug|x64.Build.0 = Debug|x64
		{83A6D5EC-8708-3A65-BB3E-6C7540883BFC}.Release|x64.ActiveCfg = Release|x64
		{83A6D5EC-8708-3A65-BB3E-6C7540883BFC}.Release|x64.Build.0 = Release|x64
		{83A6D5EC-8708-3A65-BB3E-6C7540883BFC}.MinSizeRel|x64.ActiveCfg = MinSizeRel|x64
		{83A6D5EC-8708-3A65-BB3E-6C7540883BFC}.MinSizeRel|x64.Build.0 = MinSizeRel|x64
		{83A6D5EC-8708-3A65-BB3E-6C7540883BFC}.RelWithDebInfo|x64.ActiveCfg = RelWithDebInfo|x64
		{83A6D5EC-8708-3A65-BB3E-6C7540883BFC}.RelWithDebInfo|x64.Build.0 = RelWithDebInfo|x64
		{004C75E7-F33D-3C3C-88C0-5476A8749D2C}.Debug|x64.ActiveCfg = Debug|x64
		{004C75E7-F33D-3C3C-88C0-5476A8749D2C}.Release|x64.ActiveCfg = Release|x64
		{004C75E7-F33D-3C3C-88C0-5476A8749D2C}.MinSizeRel|x64.ActiveCfg = MinSizeRel|x64
		{004C75E7-F33D-3C3C-88C0-5476A8749D2C}.RelWithDebInfo|x64.ActiveCfg = RelWithDebInfo|x64
		{60C73836-134B-3F88-A806-14A9241CBB2D}.Debug|x64.ActiveCfg = Debug|x64
		{60C73836-134B-3F88-A806-14A9241CBB2D}.Debug|x64.Build.0 = Debug|x64
		{60C73836-134B-3F88-A806-14A9241CBB2D}.Release|x64.ActiveCfg = Release|x64
		{60C73836-134B-3F88-A806-14A9241CBB2D}.Release|x64.Build.0 = Release|x64
		{60C73836-134B-3F88-A806-14A9241CBB2D}.MinSizeRel|x64.ActiveCfg = MinSizeRel|x64
		{60C73836-134B-3F88-A806-14A9241CBB2D}.MinSizeRel|x64.Build.0 = MinSizeRel|x64
		{60C73836-134B-3F88-A806-14A9241CBB2D}.RelWithDebInfo|x64.ActiveCfg = RelWithDebInfo|x64
		{60C73836-134B-3F88-A806-14A9241CBB2D}.RelWithDebInfo|x64.Build.0 = RelWithDebInfo|x64
		{23A149F7-3A65-3959-89F2-0920BC81F5DE}.Debug|x64.ActiveCfg = Debug|x64
		{23A149F7-3A65-3959-89F2-0920BC81F5DE}.Debug|x64.Build.0 = Debug|x64
		{23A149F7-3A65-3959-89F2-0920BC81F5DE}.Release|x64.ActiveCfg = Release|x64
		{23A149F7-3A65-3959-89F2-0920BC81F5DE}.Release|x64.Build.0 = Release|x64
		{23A149F7-3A65-3959-89F2-0920BC81F5DE}.MinSizeRel|x64.ActiveCfg = MinSizeRel|x64
		{23A149F7-3A65-3959-89F2-0920BC81F5DE}.MinSizeRel|x64.Build.0 = MinSizeRel|x64
		{23A149F7-3A65-3959-89F2-0920BC81F5DE}.RelWithDebInfo|x64.ActiveCfg = RelWithDebInfo|x64
		{23A149F7-3A65-3959-89F2-0920BC81F5DE}.RelWithDebInfo|x64.Build.0 = RelWithDebInfo|x64
		{37B60CFD-D29A-36B7-99F1-81E077CC4564}.Debug|x64.ActiveCfg = Debug|x64
		{37B60CFD-D29A-36B7-99F1-81E077CC4564}.Debug|x64.Build.0 = Debug|x64
		{37B60CFD-D29A-36B7-99F1-81E077CC4564}.Release|x64.ActiveCfg = Release|x64
		{37B60CFD-D29A-36B7-99F1-81E077CC4564}.Release|x64.Build.0 = Release|x64
		{37B60CFD-D29A-36B7-99F1-81E077CC4564}.MinSizeRel|x64.ActiveCfg = MinSizeRel|x64
		{37B60CFD-D29A-36B7-99F1-81E077CC4564}.MinSizeRel|x64.Build.0 = MinSizeRel|x64
		{37B60CFD-D29A-36B7-99F1-81E077CC4564}.RelWithDebInfo|x64.ActiveCfg = RelWithDebInfo|x64
		{37B60CFD-D29A-36B7-99F1-81E077CC4564}.RelWithDebInfo|x64.Build.0 = RelWithDebInfo|x64
		{84133764-247D-35EF-81C7-7DB60F204B0A}.Debug|x64.ActiveCfg = Debug|x64
		{84133764-247D-35EF-81C7-7DB60F204B0A}.Release|x64.ActiveCfg = Release|x64
		{84133764-247D-35EF-81C7-7DB60F204B0A}.MinSizeRel|x64.ActiveCfg = MinSizeRel|x64
		{84133764-247D-35EF-81C7-7DB60F204B0A}.RelWithDebInfo|x64.ActiveCfg = RelWithDebInfo|x64
		{8D4CD1EE-B94E-3795-8FEB-2C0276B20C9B}.Debug|x64.ActiveCfg = Debug|x64
		{8D4CD1EE-B94E-3795-8FEB-2C0276B20C9B}.Release|x64.ActiveCfg = Release|x64
		{8D4CD1EE-B94E-3795-8FEB-2C0276B20C9B}.MinSizeRel|x64.ActiveCfg = MinSizeRel|x64
		{8D4CD1EE-B94E-3795-8FEB-2C0276B20C9B}.RelWithDebInfo|x64.ActiveCfg = RelWithDebInfo|x64
		{737D1DC9-2ADE-3228-8FEF-15B99858E6E4}.Debug|x64.ActiveCfg = Debug|x64
		{737D1DC9-2ADE-3228-8FEF-15B99858E6E4}.Release|x64.ActiveCfg = Release|x64
		{737D1DC9-2ADE-3228-8FEF-15B99858E6E4}.MinSizeRel|x64.ActiveCfg = MinSizeRel|x64
		{737D1DC9-2ADE-3228-8FEF-15B99858E6E4}.RelWithDebInfo|x64.ActiveCfg = RelWithDebInfo|x64
		{CEE98BBC-0B20-3B06-A7A5-F9F3BCABEDA2}.Debug|x64.ActiveCfg = Debug|x64
		{CEE98BBC-0B20-3B06-A7A5-F9F3BCABEDA2}.Debug|x64.Build.0 = Debug|x64
		{CEE98BBC-0B20-3B06-A7A5-F9F3BCABEDA2}.Release|x64.ActiveCfg = Release|x64
		{CEE98BBC-0B20-3B06-A7A5-F9F3BCABEDA2}.Release|x64.Build.0 = Release|x64
		{CEE98BBC-0B20-3B06-A7A5-F9F3BCABEDA2}.MinSizeRel|x64.ActiveCfg = MinSizeRel|x64
		{CEE98BBC-0B20-3B06-A7A5-F9F3BCABEDA2}.MinSizeRel|x64.Build.0 = MinSizeRel|x64
		{CEE98BBC-0B20-3B06-A7A5-F9F3BCABEDA2}.RelWithDebInfo|x64.ActiveCfg = RelWithDebInfo|x64
		{CEE98BBC-0B20-3B06-A7A5-F9F3BCABEDA2}.RelWithDebInfo|x64.Build.0 = RelWithDebInfo|x64
	EndGlobalSection
	GlobalSection(NestedProjects) = preSolution
		{5D05D16F-B091-3B7C-874B-2AE8392D55E0} = {392A2FAF-AC66-324D-8554-F27176AD2F4C}
		{C379C37D-CAA6-3A79-8309-554BF36C96F1} = {392A2FAF-AC66-324D-8554-F27176AD2F4C}
		{9BBE66D2-B4BF-3E09-BD4E-6A54050F3FA3} = {392A2FAF-AC66-324D-8554-F27176AD2F4C}
	EndGlobalSection
	GlobalSection(ExtensibilityGlobals) = postSolution
		SolutionGuid = {411A3274-C0F5-3C95-BDAB-C26265E12A9F}
	EndGlobalSection
	GlobalSection(ExtensibilityAddIns) = postSolution
	EndGlobalSection
EndGlobal
